// !$*UTF8*$!
{
	archiveVersion = 1;
	classes = {
	};
	objectVersion = 56;
	objects = {

/* Begin PBXBuildFile section */
		D50B02102B721DC600825E7B /* SamplePackage in Frameworks */ = {isa = PBXBuildFile; productRef = D50B020F2B721DC600825E7B /* SamplePackage */; };
		D50B02122B7221A000825E7B /* ProspectsView.swift in Sources */ = {isa = PBXBuildFile; fileRef = D50B02112B7221A000825E7B /* ProspectsView.swift */; };
		D50B02142B7221B200825E7B /* MeView.swift in Sources */ = {isa = PBXBuildFile; fileRef = D50B02132B7221B200825E7B /* MeView.swift */; };
		D50B02162B7224D100825E7B /* Prospect.swift in Sources */ = {isa = PBXBuildFile; fileRef = D50B02152B7224D100825E7B /* Prospect.swift */; };
		D5CD00512B5B562000AE8C8C /* HotProspectsApp.swift in Sources */ = {isa = PBXBuildFile; fileRef = D5CD00502B5B562000AE8C8C /* HotProspectsApp.swift */; };
		D5CD00532B5B562000AE8C8C /* ContentView.swift in Sources */ = {isa = PBXBuildFile; fileRef = D5CD00522B5B562000AE8C8C /* ContentView.swift */; };
		D5CD00552B5B562100AE8C8C /* Assets.xcassets in Resources */ = {isa = PBXBuildFile; fileRef = D5CD00542B5B562100AE8C8C /* Assets.xcassets */; };
		D5CD00582B5B562100AE8C8C /* Preview Assets.xcassets in Resources */ = {isa = PBXBuildFile; fileRef = D5CD00572B5B562100AE8C8C /* Preview Assets.xcassets */; };
		D5CD00622B5B562100AE8C8C /* HotProspectsTests.swift in Sources */ = {isa = PBXBuildFile; fileRef = D5CD00612B5B562100AE8C8C /* HotProspectsTests.swift */; };
		D5CD006C2B5B562100AE8C8C /* HotProspectsUITests.swift in Sources */ = {isa = PBXBuildFile; fileRef = D5CD006B2B5B562100AE8C8C /* HotProspectsUITests.swift */; };
		D5CD006E2B5B562100AE8C8C /* HotProspectsUITestsLaunchTests.swift in Sources */ = {isa = PBXBuildFile; fileRef = D5CD006D2B5B562100AE8C8C /* HotProspectsUITestsLaunchTests.swift */; };
/* End PBXBuildFile section */

/* Begin PBXContainerItemProxy section */
		D5CD005E2B5B562100AE8C8C /* PBXContainerItemProxy */ = {
			isa = PBXContainerItemProxy;
			containerPortal = D5CD00452B5B562000AE8C8C /* Project object */;
			proxyType = 1;
			remoteGlobalIDString = D5CD004C2B5B562000AE8C8C;
			remoteInfo = HotProspects;
		};
		D5CD00682B5B562100AE8C8C /* PBXContainerItemProxy */ = {
			isa = PBXContainerItemProxy;
			containerPortal = D5CD00452B5B562000AE8C8C /* Project object */;
			proxyType = 1;
			remoteGlobalIDString = D5CD004C2B5B562000AE8C8C;
			remoteInfo = HotProspects;
		};
/* End PBXContainerItemProxy section */

/* Begin PBXFileReference section */
		D50B02112B7221A000825E7B /* ProspectsView.swift */ = {isa = PBXFileReference; lastKnownFileType = sourcecode.swift; path = ProspectsView.swift; sourceTree = "<group>"; };
		D50B02132B7221B200825E7B /* MeView.swift */ = {isa = PBXFileReference; lastKnownFileType = sourcecode.swift; path = MeView.swift; sourceTree = "<group>"; };
		D50B02152B7224D100825E7B /* Prospect.swift */ = {isa = PBXFileReference; lastKnownFileType = sourcecode.swift; path = Prospect.swift; sourceTree = "<group>"; };
		D5CD004D2B5B562000AE8C8C /* HotProspects.app */ = {isa = PBXFileReference; explicitFileType = wrapper.application; includeInIndex = 0; path = HotProspects.app; sourceTree = BUILT_PRODUCTS_DIR; };
		D5CD00502B5B562000AE8C8C /* HotProspectsApp.swift */ = {isa = PBXFileReference; lastKnownFileType = sourcecode.swift; path = HotProspectsApp.swift; sourceTree = "<group>"; };
		D5CD00522B5B562000AE8C8C /* ContentView.swift */ = {isa = PBXFileReference; lastKnownFileType = sourcecode.swift; path = ContentView.swift; sourceTree = "<group>"; };
		D5CD00542B5B562100AE8C8C /* Assets.xcassets */ = {isa = PBXFileReference; lastKnownFileType = folder.assetcatalog; path = Assets.xcassets; sourceTree = "<group>"; };
		D5CD00572B5B562100AE8C8C /* Preview Assets.xcassets */ = {isa = PBXFileReference; lastKnownFileType = folder.assetcatalog; path = "Preview Assets.xcassets"; sourceTree = "<group>"; };
		D5CD005D2B5B562100AE8C8C /* HotProspectsTests.xctest */ = {isa = PBXFileReference; explicitFileType = wrapper.cfbundle; includeInIndex = 0; path = HotProspectsTests.xctest; sourceTree = BUILT_PRODUCTS_DIR; };
		D5CD00612B5B562100AE8C8C /* HotProspectsTests.swift */ = {isa = PBXFileReference; lastKnownFileType = sourcecode.swift; path = HotProspectsTests.swift; sourceTree = "<group>"; };
		D5CD00672B5B562100AE8C8C /* HotProspectsUITests.xctest */ = {isa = PBXFileReference; explicitFileType = wrapper.cfbundle; includeInIndex = 0; path = HotProspectsUITests.xctest; sourceTree = BUILT_PRODUCTS_DIR; };
		D5CD006B2B5B562100AE8C8C /* HotProspectsUITests.swift */ = {isa = PBXFileReference; lastKnownFileType = sourcecode.swift; path = HotProspectsUITests.swift; sourceTree = "<group>"; };
		D5CD006D2B5B562100AE8C8C /* HotProspectsUITestsLaunchTests.swift */ = {isa = PBXFileReference; lastKnownFileType = sourcecode.swift; path = HotProspectsUITestsLaunchTests.swift; sourceTree = "<group>"; };
/* End PBXFileReference section */

/* Begin PBXFrameworksBuildPhase section */
		D5CD004A2B5B562000AE8C8C /* Frameworks */ = {
			isa = PBXFrameworksBuildPhase;
			buildActionMask = 2147483647;
			files = (
				D50B02102B721DC600825E7B /* SamplePackage in Frameworks */,
			);
			runOnlyForDeploymentPostprocessing = 0;
		};
		D5CD005A2B5B562100AE8C8C /* Frameworks */ = {
			isa = PBXFrameworksBuildPhase;
			buildActionMask = 2147483647;
			files = (
			);
			runOnlyForDeploymentPostprocessing = 0;
		};
		D5CD00642B5B562100AE8C8C /* Frameworks */ = {
			isa = PBXFrameworksBuildPhase;
			buildActionMask = 2147483647;
			files = (
			);
			runOnlyForDeploymentPostprocessing = 0;
		};
/* End PBXFrameworksBuildPhase section */

/* Begin PBXGroup section */
		D5CD00442B5B562000AE8C8C = {
			isa = PBXGroup;
			children = (
				D5CD004F2B5B562000AE8C8C /* HotProspects */,
				D5CD00602B5B562100AE8C8C /* HotProspectsTests */,
				D5CD006A2B5B562100AE8C8C /* HotProspectsUITests */,
				D5CD004E2B5B562000AE8C8C /* Products */,
			);
			sourceTree = "<group>";
		};
		D5CD004E2B5B562000AE8C8C /* Products */ = {
			isa = PBXGroup;
			children = (
				D5CD004D2B5B562000AE8C8C /* HotProspects.app */,
				D5CD005D2B5B562100AE8C8C /* HotProspectsTests.xctest */,
				D5CD00672B5B562100AE8C8C /* HotProspectsUITests.xctest */,
			);
			name = Products;
			sourceTree = "<group>";
		};
		D5CD004F2B5B562000AE8C8C /* HotProspects */ = {
			isa = PBXGroup;
			children = (
				D5CD00502B5B562000AE8C8C /* HotProspectsApp.swift */,
				D5CD00522B5B562000AE8C8C /* ContentView.swift */,
				D50B02152B7224D100825E7B /* Prospect.swift */,
				D50B02112B7221A000825E7B /* ProspectsView.swift */,
				D50B02132B7221B200825E7B /* MeView.swift */,
				D5CD00542B5B562100AE8C8C /* Assets.xcassets */,
				D5CD00562B5B562100AE8C8C /* Preview Content */,
			);
			path = HotProspects;
			sourceTree = "<group>";
		};
		D5CD00562B5B562100AE8C8C /* Preview Content */ = {
			isa = PBXGroup;
			children = (
				D5CD00572B5B562100AE8C8C /* Preview Assets.xcassets */,
			);
			path = "Preview Content";
			sourceTree = "<group>";
		};
		D5CD00602B5B562100AE8C8C /* HotProspectsTests */ = {
			isa = PBXGroup;
			children = (
				D5CD00612B5B562100AE8C8C /* HotProspectsTests.swift */,
			);
			path = HotProspectsTests;
			sourceTree = "<group>";
		};
		D5CD006A2B5B562100AE8C8C /* HotProspectsUITests */ = {
			isa = PBXGroup;
			children = (
				D5CD006B2B5B562100AE8C8C /* HotProspectsUITests.swift */,
				D5CD006D2B5B562100AE8C8C /* HotProspectsUITestsLaunchTests.swift */,
			);
			path = HotProspectsUITests;
			sourceTree = "<group>";
		};
/* End PBXGroup section */

/* Begin PBXNativeTarget section */
		D5CD004C2B5B562000AE8C8C /* HotProspects */ = {
			isa = PBXNativeTarget;
			buildConfigurationList = D5CD00712B5B562100AE8C8C /* Build configuration list for PBXNativeTarget "HotProspects" */;
			buildPhases = (
				D5CD00492B5B562000AE8C8C /* Sources */,
				D5CD004A2B5B562000AE8C8C /* Frameworks */,
				D5CD004B2B5B562000AE8C8C /* Resources */,
			);
			buildRules = (
			);
			dependencies = (
			);
			name = HotProspects;
			packageProductDependencies = (
				D50B020F2B721DC600825E7B /* SamplePackage */,
			);
			productName = HotProspects;
			productReference = D5CD004D2B5B562000AE8C8C /* HotProspects.app */;
			productType = "com.apple.product-type.application";
		};
		D5CD005C2B5B562100AE8C8C /* HotProspectsTests */ = {
			isa = PBXNativeTarget;
			buildConfigurationList = D5CD00742B5B562100AE8C8C /* Build configuration list for PBXNativeTarget "HotProspectsTests" */;
			buildPhases = (
				D5CD00592B5B562100AE8C8C /* Sources */,
				D5CD005A2B5B562100AE8C8C /* Frameworks */,
				D5CD005B2B5B562100AE8C8C /* Resources */,
			);
			buildRules = (
			);
			dependencies = (
				D5CD005F2B5B562100AE8C8C /* PBXTargetDependency */,
			);
			name = HotProspectsTests;
			productName = HotProspectsTests;
			productReference = D5CD005D2B5B562100AE8C8C /* HotProspectsTests.xctest */;
			productType = "com.apple.product-type.bundle.unit-test";
		};
		D5CD00662B5B562100AE8C8C /* HotProspectsUITests */ = {
			isa = PBXNativeTarget;
			buildConfigurationList = D5CD00772B5B562100AE8C8C /* Build configuration list for PBXNativeTarget "HotProspectsUITests" */;
			buildPhases = (
				D5CD00632B5B562100AE8C8C /* Sources */,
				D5CD00642B5B562100AE8C8C /* Frameworks */,
				D5CD00652B5B562100AE8C8C /* Resources */,
			);
			buildRules = (
			);
			dependencies = (
				D5CD00692B5B562100AE8C8C /* PBXTargetDependency */,
			);
			name = HotProspectsUITests;
			productName = HotProspectsUITests;
			productReference = D5CD00672B5B562100AE8C8C /* HotProspectsUITests.xctest */;
			productType = "com.apple.product-type.bundle.ui-testing";
		};
/* End PBXNativeTarget section */

/* Begin PBXProject section */
		D5CD00452B5B562000AE8C8C /* Project object */ = {
			isa = PBXProject;
			attributes = {
				BuildIndependentTargetsInParallel = 1;
				LastSwiftUpdateCheck = 1520;
				LastUpgradeCheck = 1520;
				TargetAttributes = {
					D5CD004C2B5B562000AE8C8C = {
						CreatedOnToolsVersion = 15.2;
					};
					D5CD005C2B5B562100AE8C8C = {
						CreatedOnToolsVersion = 15.2;
						TestTargetID = D5CD004C2B5B562000AE8C8C;
					};
					D5CD00662B5B562100AE8C8C = {
						CreatedOnToolsVersion = 15.2;
						TestTargetID = D5CD004C2B5B562000AE8C8C;
					};
				};
			};
			buildConfigurationList = D5CD00482B5B562000AE8C8C /* Build configuration list for PBXProject "HotProspects" */;
			compatibilityVersion = "Xcode 14.0";
			developmentRegion = en;
			hasScannedForEncodings = 0;
			knownRegions = (
				en,
				Base,
			);
			mainGroup = D5CD00442B5B562000AE8C8C;
			packageReferences = (
				D50B020E2B721DC600825E7B /* XCRemoteSwiftPackageReference "SamplePackage" */,
			);
			productRefGroup = D5CD004E2B5B562000AE8C8C /* Products */;
			projectDirPath = "";
			projectRoot = "";
			targets = (
				D5CD004C2B5B562000AE8C8C /* HotProspects */,
				D5CD005C2B5B562100AE8C8C /* HotProspectsTests */,
				D5CD00662B5B562100AE8C8C /* HotProspectsUITests */,
			);
		};
/* End PBXProject section */

/* Begin PBXResourcesBuildPhase section */
		D5CD004B2B5B562000AE8C8C /* Resources */ = {
			isa = PBXResourcesBuildPhase;
			buildActionMask = 2147483647;
			files = (
				D5CD00582B5B562100AE8C8C /* Preview Assets.xcassets in Resources */,
				D5CD00552B5B562100AE8C8C /* Assets.xcassets in Resources */,
			);
			runOnlyForDeploymentPostprocessing = 0;
		};
		D5CD005B2B5B562100AE8C8C /* Resources */ = {
			isa = PBXResourcesBuildPhase;
			buildActionMask = 2147483647;
			files = (
			);
			runOnlyForDeploymentPostprocessing = 0;
		};
		D5CD00652B5B562100AE8C8C /* Resources */ = {
			isa = PBXResourcesBuildPhase;
			buildActionMask = 2147483647;
			files = (
			);
			runOnlyForDeploymentPostprocessing = 0;
		};
/* End PBXResourcesBuildPhase section */

/* Begin PBXSourcesBuildPhase section */
		D5CD00492B5B562000AE8C8C /* Sources */ = {
			isa = PBXSourcesBuildPhase;
			buildActionMask = 2147483647;
			files = (
				D50B02142B7221B200825E7B /* MeView.swift in Sources */,
				D50B02162B7224D100825E7B /* Prospect.swift in Sources */,
				D50B02122B7221A000825E7B /* ProspectsView.swift in Sources */,
				D5CD00532B5B562000AE8C8C /* ContentView.swift in Sources */,
				D5CD00512B5B562000AE8C8C /* HotProspectsApp.swift in Sources */,
			);
			runOnlyForDeploymentPostprocessing = 0;
		};
		D5CD00592B5B562100AE8C8C /* Sources */ = {
			isa = PBXSourcesBuildPhase;
			buildActionMask = 2147483647;
			files = (
				D5CD00622B5B562100AE8C8C /* HotProspectsTests.swift in Sources */,
			);
			runOnlyForDeploymentPostprocessing = 0;
		};
		D5CD00632B5B562100AE8C8C /* Sources */ = {
			isa = PBXSourcesBuildPhase;
			buildActionMask = 2147483647;
			files = (
				D5CD006E2B5B562100AE8C8C /* HotProspectsUITestsLaunchTests.swift in Sources */,
				D5CD006C2B5B562100AE8C8C /* HotProspectsUITests.swift in Sources */,
			);
			runOnlyForDeploymentPostprocessing = 0;
		};
/* End PBXSourcesBuildPhase section */

/* Begin PBXTargetDependency section */
		D5CD005F2B5B562100AE8C8C /* PBXTargetDependency */ = {
			isa = PBXTargetDependency;
			target = D5CD004C2B5B562000AE8C8C /* HotProspects */;
			targetProxy = D5CD005E2B5B562100AE8C8C /* PBXContainerItemProxy */;
		};
		D5CD00692B5B562100AE8C8C /* PBXTargetDependency */ = {
			isa = PBXTargetDependency;
			target = D5CD004C2B5B562000AE8C8C /* HotProspects */;
			targetProxy = D5CD00682B5B562100AE8C8C /* PBXContainerItemProxy */;
		};
/* End PBXTargetDependency section */

/* Begin XCBuildConfiguration section */
		D5CD006F2B5B562100AE8C8C /* Debug */ = {
			isa = XCBuildConfiguration;
			buildSettings = {
				ALWAYS_SEARCH_USER_PATHS = NO;
				ASSETCATALOG_COMPILER_GENERATE_SWIFT_ASSET_SYMBOL_EXTENSIONS = YES;
				CLANG_ANALYZER_NONNULL = YES;
				CLANG_ANALYZER_NUMBER_OBJECT_CONVERSION = YES_AGGRESSIVE;
				CLANG_CXX_LANGUAGE_STANDARD = "gnu++20";
				CLANG_ENABLE_MODULES = YES;
				CLANG_ENABLE_OBJC_ARC = YES;
				CLANG_ENABLE_OBJC_WEAK = YES;
				CLANG_WARN_BLOCK_CAPTURE_AUTORELEASING = YES;
				CLANG_WARN_BOOL_CONVERSION = YES;
				CLANG_WARN_COMMA = YES;
				CLANG_WARN_CONSTANT_CONVERSION = YES;
				CLANG_WARN_DEPRECATED_OBJC_IMPLEMENTATIONS = YES;
				CLANG_WARN_DIRECT_OBJC_ISA_USAGE = YES_ERROR;
				CLANG_WARN_DOCUMENTATION_COMMENTS = YES;
				CLANG_WARN_EMPTY_BODY = YES;
				CLANG_WARN_ENUM_CONVERSION = YES;
				CLANG_WARN_INFINITE_RECURSION = YES;
				CLANG_WARN_INT_CONVERSION = YES;
				CLANG_WARN_NON_LITERAL_NULL_CONVERSION = YES;
				CLANG_WARN_OBJC_IMPLICIT_RETAIN_SELF = YES;
				CLANG_WARN_OBJC_LITERAL_CONVERSION = YES;
				CLANG_WARN_OBJC_ROOT_CLASS = YES_ERROR;
				CLANG_WARN_QUOTED_INCLUDE_IN_FRAMEWORK_HEADER = YES;
				CLANG_WARN_RANGE_LOOP_ANALYSIS = YES;
				CLANG_WARN_STRICT_PROTOTYPES = YES;
				CLANG_WARN_SUSPICIOUS_MOVE = YES;
				CLANG_WARN_UNGUARDED_AVAILABILITY = YES_AGGRESSIVE;
				CLANG_WARN_UNREACHABLE_CODE = YES;
				CLANG_WARN__DUPLICATE_METHOD_MATCH = YES;
				COPY_PHASE_STRIP = NO;
				DEBUG_INFORMATION_FORMAT = dwarf;
				ENABLE_STRICT_OBJC_MSGSEND = YES;
				ENABLE_TESTABILITY = YES;
				ENABLE_USER_SCRIPT_SANDBOXING = YES;
				GCC_C_LANGUAGE_STANDARD = gnu17;
				GCC_DYNAMIC_NO_PIC = NO;
				GCC_NO_COMMON_BLOCKS = YES;
				GCC_OPTIMIZATION_LEVEL = 0;
				GCC_PREPROCESSOR_DEFINITIONS = (
					"DEBUG=1",
					"$(inherited)",
				);
				GCC_WARN_64_TO_32_BIT_CONVERSION = YES;
				GCC_WARN_ABOUT_RETURN_TYPE = YES_ERROR;
				GCC_WARN_UNDECLARED_SELECTOR = YES;
				GCC_WARN_UNINITIALIZED_AUTOS = YES_AGGRESSIVE;
				GCC_WARN_UNUSED_FUNCTION = YES;
				GCC_WARN_UNUSED_VARIABLE = YES;
				IPHONEOS_DEPLOYMENT_TARGET = 17.2;
				LOCALIZATION_PREFERS_STRING_CATALOGS = YES;
				MTL_ENABLE_DEBUG_INFO = INCLUDE_SOURCE;
				MTL_FAST_MATH = YES;
				ONLY_ACTIVE_ARCH = YES;
				SDKROOT = iphoneos;
				SWIFT_ACTIVE_COMPILATION_CONDITIONS = "DEBUG $(inherited)";
				SWIFT_OPTIMIZATION_LEVEL = "-Onone";
			};
			name = Debug;
		};
		D5CD00702B5B562100AE8C8C /* Release */ = {
			isa = XCBuildConfiguration;
			buildSettings = {
				ALWAYS_SEARCH_USER_PATHS = NO;
				ASSETCATALOG_COMPILER_GENERATE_SWIFT_ASSET_SYMBOL_EXTENSIONS = YES;
				CLANG_ANALYZER_NONNULL = YES;
				CLANG_ANALYZER_NUMBER_OBJECT_CONVERSION = YES_AGGRESSIVE;
				CLANG_CXX_LANGUAGE_STANDARD = "gnu++20";
				CLANG_ENABLE_MODULES = YES;
				CLANG_ENABLE_OBJC_ARC = YES;
				CLANG_ENABLE_OBJC_WEAK = YES;
				CLANG_WARN_BLOCK_CAPTURE_AUTORELEASING = YES;
				CLANG_WARN_BOOL_CONVERSION = YES;
				CLANG_WARN_COMMA = YES;
				CLANG_WARN_CONSTANT_CONVERSION = YES;
				CLANG_WARN_DEPRECATED_OBJC_IMPLEMENTATIONS = YES;
				CLANG_WARN_DIRECT_OBJC_ISA_USAGE = YES_ERROR;
				CLANG_WARN_DOCUMENTATION_COMMENTS = YES;
				CLANG_WARN_EMPTY_BODY = YES;
				CLANG_WARN_ENUM_CONVERSION = YES;
				CLANG_WARN_INFINITE_RECURSION = YES;
				CLANG_WARN_INT_CONVERSION = YES;
				CLANG_WARN_NON_LITERAL_NULL_CONVERSION = YES;
				CLANG_WARN_OBJC_IMPLICIT_RETAIN_SELF = YES;
				CLANG_WARN_OBJC_LITERAL_CONVERSION = YES;
				CLANG_WARN_OBJC_ROOT_CLASS = YES_ERROR;
				CLANG_WARN_QUOTED_INCLUDE_IN_FRAMEWORK_HEADER = YES;
				CLANG_WARN_RANGE_LOOP_ANALYSIS = YES;
				CLANG_WARN_STRICT_PROTOTYPES = YES;
				CLANG_WARN_SUSPICIOUS_MOVE = YES;
				CLANG_WARN_UNGUARDED_AVAILABILITY = YES_AGGRESSIVE;
				CLANG_WARN_UNREACHABLE_CODE = YES;
				CLANG_WARN__DUPLICATE_METHOD_MATCH = YES;
				COPY_PHASE_STRIP = NO;
				DEBUG_INFORMATION_FORMAT = "dwarf-with-dsym";
				ENABLE_NS_ASSERTIONS = NO;
				ENABLE_STRICT_OBJC_MSGSEND = YES;
				ENABLE_USER_SCRIPT_SANDBOXING = YES;
				GCC_C_LANGUAGE_STANDARD = gnu17;
				GCC_NO_COMMON_BLOCKS = YES;
				GCC_WARN_64_TO_32_BIT_CONVERSION = YES;
				GCC_WARN_ABOUT_RETURN_TYPE = YES_ERROR;
				GCC_WARN_UNDECLARED_SELECTOR = YES;
				GCC_WARN_UNINITIALIZED_AUTOS = YES_AGGRESSIVE;
				GCC_WARN_UNUSED_FUNCTION = YES;
				GCC_WARN_UNUSED_VARIABLE = YES;
				IPHONEOS_DEPLOYMENT_TARGET = 17.2;
				LOCALIZATION_PREFERS_STRING_CATALOGS = YES;
				MTL_ENABLE_DEBUG_INFO = NO;
				MTL_FAST_MATH = YES;
				SDKROOT = iphoneos;
				SWIFT_COMPILATION_MODE = wholemodule;
				VALIDATE_PRODUCT = YES;
			};
			name = Release;
		};
		D5CD00722B5B562100AE8C8C /* Debug */ = {
			isa = XCBuildConfiguration;
			buildSettings = {
				ASSETCATALOG_COMPILER_APPICON_NAME = AppIcon;
				ASSETCATALOG_COMPILER_GLOBAL_ACCENT_COLOR_NAME = AccentColor;
				CODE_SIGN_STYLE = Automatic;
				CURRENT_PROJECT_VERSION = 1;
				DEVELOPMENT_ASSET_PATHS = "\"HotProspects/Preview Content\"";
				DEVELOPMENT_TEAM = 3B86NGN2ZD;
				ENABLE_PREVIEWS = YES;
				GENERATE_INFOPLIST_FILE = YES;
				INFOPLIST_KEY_UIApplicationSceneManifest_Generation = YES;
				INFOPLIST_KEY_UIApplicationSupportsIndirectInputEvents = YES;
				INFOPLIST_KEY_UILaunchScreen_Generation = YES;
				INFOPLIST_KEY_UISupportedInterfaceOrientations_iPad = "UIInterfaceOrientationPortrait UIInterfaceOrientationPortraitUpsideDown UIInterfaceOrientationLandscapeLeft UIInterfaceOrientationLandscapeRight";
				INFOPLIST_KEY_UISupportedInterfaceOrientations_iPhone = "UIInterfaceOrientationPortrait UIInterfaceOrientationLandscapeLeft UIInterfaceOrientationLandscapeRight";
				LD_RUNPATH_SEARCH_PATHS = (
					"$(inherited)",
					"@executable_path/Frameworks",
				);
				MARKETING_VERSION = 1.0;
				PRODUCT_BUNDLE_IDENTIFIER = com.example.mtrinh.HotProspects;
				PRODUCT_NAME = "$(TARGET_NAME)";
				SWIFT_EMIT_LOC_STRINGS = YES;
				SWIFT_VERSION = 5.0;
				TARGETED_DEVICE_FAMILY = "1,2";
			};
			name = Debug;
		};
		D5CD00732B5B562100AE8C8C /* Release */ = {
			isa = XCBuildConfiguration;
			buildSettings = {
				ASSETCATALOG_COMPILER_APPICON_NAME = AppIcon;
				ASSETCATALOG_COMPILER_GLOBAL_ACCENT_COLOR_NAME = AccentColor;
				CODE_SIGN_STYLE = Automatic;
				CURRENT_PROJECT_VERSION = 1;
				DEVELOPMENT_ASSET_PATHS = "\"HotProspects/Preview Content\"";
				DEVELOPMENT_TEAM = 3B86NGN2ZD;
				ENABLE_PREVIEWS = YES;
				GENERATE_INFOPLIST_FILE = YES;
				INFOPLIST_KEY_UIApplicationSceneManifest_Generation = YES;
				INFOPLIST_KEY_UIApplicationSupportsIndirectInputEvents = YES;
				INFOPLIST_KEY_UILaunchScreen_Generation = YES;
				INFOPLIST_KEY_UISupportedInterfaceOrientations_iPad = "UIInterfaceOrientationPortrait UIInterfaceOrientationPortraitUpsideDown UIInterfaceOrientationLandscapeLeft UIInterfaceOrientationLandscapeRight";
				INFOPLIST_KEY_UISupportedInterfaceOrientations_iPhone = "UIInterfaceOrientationPortrait UIInterfaceOrientationLandscapeLeft UIInterfaceOrientationLandscapeRight";
				LD_RUNPATH_SEARCH_PATHS = (
					"$(inherited)",
					"@executable_path/Frameworks",
				);
				MARKETING_VERSION = 1.0;
				PRODUCT_BUNDLE_IDENTIFIER = com.example.mtrinh.HotProspects;
				PRODUCT_NAME = "$(TARGET_NAME)";
				SWIFT_EMIT_LOC_STRINGS = YES;
				SWIFT_VERSION = 5.0;
				TARGETED_DEVICE_FAMILY = "1,2";
			};
			name = Release;
		};
		D5CD00752B5B562100AE8C8C /* Debug */ = {
			isa = XCBuildConfiguration;
			buildSettings = {
				ALWAYS_EMBED_SWIFT_STANDARD_LIBRARIES = YES;
				BUNDLE_LOADER = "$(TEST_HOST)";
				CODE_SIGN_STYLE = Automatic;
				CURRENT_PROJECT_VERSION = 1;
				DEVELOPMENT_TEAM = 3B86NGN2ZD;
				GENERATE_INFOPLIST_FILE = YES;
				IPHONEOS_DEPLOYMENT_TARGET = 17.2;
				MARKETING_VERSION = 1.0;
				PRODUCT_BUNDLE_IDENTIFIER = com.example.mtrinh.HotProspectsTests;
				PRODUCT_NAME = "$(TARGET_NAME)";
				SWIFT_EMIT_LOC_STRINGS = NO;
				SWIFT_VERSION = 5.0;
				TARGETED_DEVICE_FAMILY = "1,2";
				TEST_HOST = "$(BUILT_PRODUCTS_DIR)/HotProspects.app/$(BUNDLE_EXECUTABLE_FOLDER_PATH)/HotProspects";
			};
			name = Debug;
		};
		D5CD00762B5B562100AE8C8C /* Release */ = {
			isa = XCBuildConfiguration;
			buildSettings = {
				ALWAYS_EMBED_SWIFT_STANDARD_LIBRARIES = YES;
				BUNDLE_LOADER = "$(TEST_HOST)";
				CODE_SIGN_STYLE = Automatic;
				CURRENT_PROJECT_VERSION = 1;
				DEVELOPMENT_TEAM = 3B86NGN2ZD;
				GENERATE_INFOPLIST_FILE = YES;
				IPHONEOS_DEPLOYMENT_TARGET = 17.2;
				MARKETING_VERSION = 1.0;
				PRODUCT_BUNDLE_IDENTIFIER = com.example.mtrinh.HotProspectsTests;
				PRODUCT_NAME = "$(TARGET_NAME)";
				SWIFT_EMIT_LOC_STRINGS = NO;
				SWIFT_VERSION = 5.0;
				TARGETED_DEVICE_FAMILY = "1,2";
				TEST_HOST = "$(BUILT_PRODUCTS_DIR)/HotProspects.app/$(BUNDLE_EXECUTABLE_FOLDER_PATH)/HotProspects";
			};
			name = Release;
		};
		D5CD00782B5B562100AE8C8C /* Debug */ = {
			isa = XCBuildConfiguration;
			buildSettings = {
				ALWAYS_EMBED_SWIFT_STANDARD_LIBRARIES = YES;
				CODE_SIGN_STYLE = Automatic;
				CURRENT_PROJECT_VERSION = 1;
				DEVELOPMENT_TEAM = 3B86NGN2ZD;
				GENERATE_INFOPLIST_FILE = YES;
				MARKETING_VERSION = 1.0;
				PRODUCT_BUNDLE_IDENTIFIER = com.example.mtrinh.HotProspectsUITests;
				PRODUCT_NAME = "$(TARGET_NAME)";
				SWIFT_EMIT_LOC_STRINGS = NO;
				SWIFT_VERSION = 5.0;
				TARGETED_DEVICE_FAMILY = "1,2";
				TEST_TARGET_NAME = HotProspects;
			};
			name = Debug;
		};
		D5CD00792B5B562100AE8C8C /* Release */ = {
			isa = XCBuildConfiguration;
			buildSettings = {
				ALWAYS_EMBED_SWIFT_STANDARD_LIBRARIES = YES;
				CODE_SIGN_STYLE = Automatic;
				CURRENT_PROJECT_VERSION = 1;
				DEVELOPMENT_TEAM = 3B86NGN2ZD;
				GENERATE_INFOPLIST_FILE = YES;
				MARKETING_VERSION = 1.0;
				PRODUCT_BUNDLE_IDENTIFIER = com.example.mtrinh.HotProspectsUITests;
				PRODUCT_NAME = "$(TARGET_NAME)";
				SWIFT_EMIT_LOC_STRINGS = NO;
				SWIFT_VERSION = 5.0;
				TARGETED_DEVICE_FAMILY = "1,2";
				TEST_TARGET_NAME = HotProspects;
			};
			name = Release;
		};
/* End XCBuildConfiguration section */

/* Begin XCConfigurationList section */
		D5CD00482B5B562000AE8C8C /* Build configuration list for PBXProject "HotProspects" */ = {
			isa = XCConfigurationList;
			buildConfigurations = (
				D5CD006F2B5B562100AE8C8C /* Debug */,
				D5CD00702B5B562100AE8C8C /* Release */,
			);
			defaultConfigurationIsVisible = 0;
			defaultConfigurationName = Release;
		};
		D5CD00712B5B562100AE8C8C /* Build configuration list for PBXNativeTarget "HotProspects" */ = {
			isa = XCConfigurationList;
			buildConfigurations = (
				D5CD00722B5B562100AE8C8C /* Debug */,
				D5CD00732B5B562100AE8C8C /* Release */,
			);
			defaultConfigurationIsVisible = 0;
			defaultConfigurationName = Release;
		};
		D5CD00742B5B562100AE8C8C /* Build configuration list for PBXNativeTarget "HotProspectsTests" */ = {
			isa = XCConfigurationList;
			buildConfigurations = (
				D5CD00752B5B562100AE8C8C /* Debug */,
				D5CD00762B5B562100AE8C8C /* Release */,
			);
			defaultConfigurationIsVisible = 0;
			defaultConfigurationName = Release;
		};
		D5CD00772B5B562100AE8C8C /* Build configuration list for PBXNativeTarget "HotProspectsUITests" */ = {
			isa = XCConfigurationList;
			buildConfigurations = (
				D5CD00782B5B562100AE8C8C /* Debug */,
				D5CD00792B5B562100AE8C8C /* Release */,
			);
			defaultConfigurationIsVisible = 0;
			defaultConfigurationName = Release;
		};
/* End XCConfigurationList section */

/* Begin XCRemoteSwiftPackageReference section */
		D50B020E2B721DC600825E7B /* XCRemoteSwiftPackageReference "SamplePackage" */ = {
			isa = XCRemoteSwiftPackageReference;
			repositoryURL = "https://github.com/twostraws/SamplePackage";
			requirement = {
				kind = upToNextMajorVersion;
				minimumVersion = 1.0.0;
			};
		};
/* End XCRemoteSwiftPackageReference section */

/* Begin XCSwiftPackageProductDependency section */
		D50B020F2B721DC600825E7B /* SamplePackage */ = {
			isa = XCSwiftPackageProductDependency;
			package = D50B020E2B721DC600825E7B /* XCRemoteSwiftPackageReference "SamplePackage" */;
			productName = SamplePackage;
		};
/* End XCSwiftPackageProductDependency section */
	};
	rootObject = D5CD00452B5B562000AE8C8C /* Project object */;
}
