// !$*UTF8*$!
{
	archiveVersion = 1;
	classes = {
	};
	objectVersion = 56;
	objects = {

/* Begin PBXBuildFile section */
		D596EA5F2BA96F9E00293BDA /* SnowSeekerApp.swift in Sources */ = {isa = PBXBuildFile; fileRef = D596EA5E2BA96F9E00293BDA /* SnowSeekerApp.swift */; };
		D596EA612BA96F9E00293BDA /* ContentView.swift in Sources */ = {isa = PBXBuildFile; fileRef = D596EA602BA96F9E00293BDA /* ContentView.swift */; };
		D596EA632BA96F9F00293BDA /* Assets.xcassets in Resources */ = {isa = PBXBuildFile; fileRef = D596EA622BA96F9F00293BDA /* Assets.xcassets */; };
		D596EA662BA96F9F00293BDA /* Preview Assets.xcassets in Resources */ = {isa = PBXBuildFile; fileRef = D596EA652BA96F9F00293BDA /* Preview Assets.xcassets */; };
		D596EA702BA96FA000293BDA /* SnowSeekerTests.swift in Sources */ = {isa = PBXBuildFile; fileRef = D596EA6F2BA96FA000293BDA /* SnowSeekerTests.swift */; };
		D596EA7A2BA96FA000293BDA /* SnowSeekerUITests.swift in Sources */ = {isa = PBXBuildFile; fileRef = D596EA792BA96FA000293BDA /* SnowSeekerUITests.swift */; };
		D596EA7C2BA96FA000293BDA /* SnowSeekerUITestsLaunchTests.swift in Sources */ = {isa = PBXBuildFile; fileRef = D596EA7B2BA96FA000293BDA /* SnowSeekerUITestsLaunchTests.swift */; };
		D596EA892BAABFCD00293BDA /* resorts.json in Resources */ = {isa = PBXBuildFile; fileRef = D596EA882BAABFCD00293BDA /* resorts.json */; };
		D596EA8B2BAAC07100293BDA /* Resort.swift in Sources */ = {isa = PBXBuildFile; fileRef = D596EA8A2BAAC07100293BDA /* Resort.swift */; };
		D596EA8D2BAAC11700293BDA /* Bundle-Decodable.swift in Sources */ = {isa = PBXBuildFile; fileRef = D596EA8C2BAAC11700293BDA /* Bundle-Decodable.swift */; };
		D596EA8F2BAC108500293BDA /* WelcomeView.swift in Sources */ = {isa = PBXBuildFile; fileRef = D596EA8E2BAC108500293BDA /* WelcomeView.swift */; };
		D596EA912BAC13CF00293BDA /* ResortView.swift in Sources */ = {isa = PBXBuildFile; fileRef = D596EA902BAC13CF00293BDA /* ResortView.swift */; };
		D596EA932BAC15E100293BDA /* SkiDetailsView.swift in Sources */ = {isa = PBXBuildFile; fileRef = D596EA922BAC15E100293BDA /* SkiDetailsView.swift */; };
		D596EA952BAC16F400293BDA /* ResortDetailsView.swift in Sources */ = {isa = PBXBuildFile; fileRef = D596EA942BAC16F400293BDA /* ResortDetailsView.swift */; };
		D596EA972BAD6B9900293BDA /* Facility.swift in Sources */ = {isa = PBXBuildFile; fileRef = D596EA962BAD6B9900293BDA /* Facility.swift */; };
/* End PBXBuildFile section */

/* Begin PBXContainerItemProxy section */
		D596EA6C2BA96FA000293BDA /* PBXContainerItemProxy */ = {
			isa = PBXContainerItemProxy;
			containerPortal = D596EA532BA96F9E00293BDA /* Project object */;
			proxyType = 1;
			remoteGlobalIDString = D596EA5A2BA96F9E00293BDA;
			remoteInfo = SnowSeeker;
		};
		D596EA762BA96FA000293BDA /* PBXContainerItemProxy */ = {
			isa = PBXContainerItemProxy;
			containerPortal = D596EA532BA96F9E00293BDA /* Project object */;
			proxyType = 1;
			remoteGlobalIDString = D596EA5A2BA96F9E00293BDA;
			remoteInfo = SnowSeeker;
		};
/* End PBXContainerItemProxy section */

/* Begin PBXFileReference section */
		D596EA5B2BA96F9E00293BDA /* SnowSeeker.app */ = {isa = PBXFileReference; explicitFileType = wrapper.application; includeInIndex = 0; path = SnowSeeker.app; sourceTree = BUILT_PRODUCTS_DIR; };
		D596EA5E2BA96F9E00293BDA /* SnowSeekerApp.swift */ = {isa = PBXFileReference; lastKnownFileType = sourcecode.swift; path = SnowSeekerApp.swift; sourceTree = "<group>"; };
		D596EA602BA96F9E00293BDA /* ContentView.swift */ = {isa = PBXFileReference; lastKnownFileType = sourcecode.swift; path = ContentView.swift; sourceTree = "<group>"; };
		D596EA622BA96F9F00293BDA /* Assets.xcassets */ = {isa = PBXFileReference; lastKnownFileType = folder.assetcatalog; path = Assets.xcassets; sourceTree = "<group>"; };
		D596EA652BA96F9F00293BDA /* Preview Assets.xcassets */ = {isa = PBXFileReference; lastKnownFileType = folder.assetcatalog; path = "Preview Assets.xcassets"; sourceTree = "<group>"; };
		D596EA6B2BA96FA000293BDA /* SnowSeekerTests.xctest */ = {isa = PBXFileReference; explicitFileType = wrapper.cfbundle; includeInIndex = 0; path = SnowSeekerTests.xctest; sourceTree = BUILT_PRODUCTS_DIR; };
		D596EA6F2BA96FA000293BDA /* SnowSeekerTests.swift */ = {isa = PBXFileReference; lastKnownFileType = sourcecode.swift; path = SnowSeekerTests.swift; sourceTree = "<group>"; };
		D596EA752BA96FA000293BDA /* SnowSeekerUITests.xctest */ = {isa = PBXFileReference; explicitFileType = wrapper.cfbundle; includeInIndex = 0; path = SnowSeekerUITests.xctest; sourceTree = BUILT_PRODUCTS_DIR; };
		D596EA792BA96FA000293BDA /* SnowSeekerUITests.swift */ = {isa = PBXFileReference; lastKnownFileType = sourcecode.swift; path = SnowSeekerUITests.swift; sourceTree = "<group>"; };
		D596EA7B2BA96FA000293BDA /* SnowSeekerUITestsLaunchTests.swift */ = {isa = PBXFileReference; lastKnownFileType = sourcecode.swift; path = SnowSeekerUITestsLaunchTests.swift; sourceTree = "<group>"; };
		D596EA882BAABFCD00293BDA /* resorts.json */ = {isa = PBXFileReference; fileEncoding = 4; lastKnownFileType = text.json; path = resorts.json; sourceTree = "<group>"; };
		D596EA8A2BAAC07100293BDA /* Resort.swift */ = {isa = PBXFileReference; lastKnownFileType = sourcecode.swift; path = Resort.swift; sourceTree = "<group>"; };
		D596EA8C2BAAC11700293BDA /* Bundle-Decodable.swift */ = {isa = PBXFileReference; lastKnownFileType = sourcecode.swift; path = "Bundle-Decodable.swift"; sourceTree = "<group>"; };
		D596EA8E2BAC108500293BDA /* WelcomeView.swift */ = {isa = PBXFileReference; lastKnownFileType = sourcecode.swift; path = WelcomeView.swift; sourceTree = "<group>"; };
		D596EA902BAC13CF00293BDA /* ResortView.swift */ = {isa = PBXFileReference; lastKnownFileType = sourcecode.swift; path = ResortView.swift; sourceTree = "<group>"; };
		D596EA922BAC15E100293BDA /* SkiDetailsView.swift */ = {isa = PBXFileReference; lastKnownFileType = sourcecode.swift; path = SkiDetailsView.swift; sourceTree = "<group>"; };
		D596EA942BAC16F400293BDA /* ResortDetailsView.swift */ = {isa = PBXFileReference; lastKnownFileType = sourcecode.swift; path = ResortDetailsView.swift; sourceTree = "<group>"; };
		D596EA962BAD6B9900293BDA /* Facility.swift */ = {isa = PBXFileReference; lastKnownFileType = sourcecode.swift; path = Facility.swift; sourceTree = "<group>"; };
/* End PBXFileReference section */

/* Begin PBXFrameworksBuildPhase section */
		D596EA582BA96F9E00293BDA /* Frameworks */ = {
			isa = PBXFrameworksBuildPhase;
			buildActionMask = 2147483647;
			files = (
			);
			runOnlyForDeploymentPostprocessing = 0;
		};
		D596EA682BA96FA000293BDA /* Frameworks */ = {
			isa = PBXFrameworksBuildPhase;
			buildActionMask = 2147483647;
			files = (
			);
			runOnlyForDeploymentPostprocessing = 0;
		};
		D596EA722BA96FA000293BDA /* Frameworks */ = {
			isa = PBXFrameworksBuildPhase;
			buildActionMask = 2147483647;
			files = (
			);
			runOnlyForDeploymentPostprocessing = 0;
		};
/* End PBXFrameworksBuildPhase section */

/* Begin PBXGroup section */
		D596EA522BA96F9E00293BDA = {
			isa = PBXGroup;
			children = (
				D596EA5D2BA96F9E00293BDA /* SnowSeeker */,
				D596EA6E2BA96FA000293BDA /* SnowSeekerTests */,
				D596EA782BA96FA000293BDA /* SnowSeekerUITests */,
				D596EA5C2BA96F9E00293BDA /* Products */,
			);
			sourceTree = "<group>";
		};
		D596EA5C2BA96F9E00293BDA /* Products */ = {
			isa = PBXGroup;
			children = (
				D596EA5B2BA96F9E00293BDA /* SnowSeeker.app */,
				D596EA6B2BA96FA000293BDA /* SnowSeekerTests.xctest */,
				D596EA752BA96FA000293BDA /* SnowSeekerUITests.xctest */,
			);
			name = Products;
			sourceTree = "<group>";
		};
		D596EA5D2BA96F9E00293BDA /* SnowSeeker */ = {
			isa = PBXGroup;
			children = (
				D596EA5E2BA96F9E00293BDA /* SnowSeekerApp.swift */,
				D596EA602BA96F9E00293BDA /* ContentView.swift */,
				D596EA922BAC15E100293BDA /* SkiDetailsView.swift */,
				D596EA942BAC16F400293BDA /* ResortDetailsView.swift */,
				D596EA902BAC13CF00293BDA /* ResortView.swift */,
				D596EA962BAD6B9900293BDA /* Facility.swift */,
				D596EA8E2BAC108500293BDA /* WelcomeView.swift */,
				D596EA8A2BAAC07100293BDA /* Resort.swift */,
				D596EA8C2BAAC11700293BDA /* Bundle-Decodable.swift */,
				D596EA882BAABFCD00293BDA /* resorts.json */,
				D596EA622BA96F9F00293BDA /* Assets.xcassets */,
				D596EA642BA96F9F00293BDA /* Preview Content */,
			);
			path = SnowSeeker;
			sourceTree = "<group>";
		};
		D596EA642BA96F9F00293BDA /* Preview Content */ = {
			isa = PBXGroup;
			children = (
				D596EA652BA96F9F00293BDA /* Preview Assets.xcassets */,
			);
			path = "Preview Content";
			sourceTree = "<group>";
		};
		D596EA6E2BA96FA000293BDA /* SnowSeekerTests */ = {
			isa = PBXGroup;
			children = (
				D596EA6F2BA96FA000293BDA /* SnowSeekerTests.swift */,
			);
			path = SnowSeekerTests;
			sourceTree = "<group>";
		};
		D596EA782BA96FA000293BDA /* SnowSeekerUITests */ = {
			isa = PBXGroup;
			children = (
				D596EA792BA96FA000293BDA /* SnowSeekerUITests.swift */,
				D596EA7B2BA96FA000293BDA /* SnowSeekerUITestsLaunchTests.swift */,
			);
			path = SnowSeekerUITests;
			sourceTree = "<group>";
		};
/* End PBXGroup section */

/* Begin PBXNativeTarget section */
		D596EA5A2BA96F9E00293BDA /* SnowSeeker */ = {
			isa = PBXNativeTarget;
			buildConfigurationList = D596EA7F2BA96FA000293BDA /* Build configuration list for PBXNativeTarget "SnowSeeker" */;
			buildPhases = (
				D596EA572BA96F9E00293BDA /* Sources */,
				D596EA582BA96F9E00293BDA /* Frameworks */,
				D596EA592BA96F9E00293BDA /* Resources */,
			);
			buildRules = (
			);
			dependencies = (
			);
			name = SnowSeeker;
			productName = SnowSeeker;
			productReference = D596EA5B2BA96F9E00293BDA /* SnowSeeker.app */;
			productType = "com.apple.product-type.application";
		};
		D596EA6A2BA96FA000293BDA /* SnowSeekerTests */ = {
			isa = PBXNativeTarget;
			buildConfigurationList = D596EA822BA96FA000293BDA /* Build configuration list for PBXNativeTarget "SnowSeekerTests" */;
			buildPhases = (
				D596EA672BA96FA000293BDA /* Sources */,
				D596EA682BA96FA000293BDA /* Frameworks */,
				D596EA692BA96FA000293BDA /* Resources */,
			);
			buildRules = (
			);
			dependencies = (
				D596EA6D2BA96FA000293BDA /* PBXTargetDependency */,
			);
			name = SnowSeekerTests;
			productName = SnowSeekerTests;
			productReference = D596EA6B2BA96FA000293BDA /* SnowSeekerTests.xctest */;
			productType = "com.apple.product-type.bundle.unit-test";
		};
		D596EA742BA96FA000293BDA /* SnowSeekerUITests */ = {
			isa = PBXNativeTarget;
			buildConfigurationList = D596EA852BA96FA000293BDA /* Build configuration list for PBXNativeTarget "SnowSeekerUITests" */;
			buildPhases = (
				D596EA712BA96FA000293BDA /* Sources */,
				D596EA722BA96FA000293BDA /* Frameworks */,
				D596EA732BA96FA000293BDA /* Resources */,
			);
			buildRules = (
			);
			dependencies = (
				D596EA772BA96FA000293BDA /* PBXTargetDependency */,
			);
			name = SnowSeekerUITests;
			productName = SnowSeekerUITests;
			productReference = D596EA752BA96FA000293BDA /* SnowSeekerUITests.xctest */;
			productType = "com.apple.product-type.bundle.ui-testing";
		};
/* End PBXNativeTarget section */

/* Begin PBXProject section */
		D596EA532BA96F9E00293BDA /* Project object */ = {
			isa = PBXProject;
			attributes = {
				BuildIndependentTargetsInParallel = 1;
				LastSwiftUpdateCheck = 1530;
				LastUpgradeCheck = 1530;
				TargetAttributes = {
					D596EA5A2BA96F9E00293BDA = {
						CreatedOnToolsVersion = 15.3;
					};
					D596EA6A2BA96FA000293BDA = {
						CreatedOnToolsVersion = 15.3;
						TestTargetID = D596EA5A2BA96F9E00293BDA;
					};
					D596EA742BA96FA000293BDA = {
						CreatedOnToolsVersion = 15.3;
						TestTargetID = D596EA5A2BA96F9E00293BDA;
					};
				};
			};
			buildConfigurationList = D596EA562BA96F9E00293BDA /* Build configuration list for PBXProject "SnowSeeker" */;
			compatibilityVersion = "Xcode 14.0";
			developmentRegion = en;
			hasScannedForEncodings = 0;
			knownRegions = (
				en,
				Base,
			);
			mainGroup = D596EA522BA96F9E00293BDA;
			productRefGroup = D596EA5C2BA96F9E00293BDA /* Products */;
			projectDirPath = "";
			projectRoot = "";
			targets = (
				D596EA5A2BA96F9E00293BDA /* SnowSeeker */,
				D596EA6A2BA96FA000293BDA /* SnowSeekerTests */,
				D596EA742BA96FA000293BDA /* SnowSeekerUITests */,
			);
		};
/* End PBXProject section */

/* Begin PBXResourcesBuildPhase section */
		D596EA592BA96F9E00293BDA /* Resources */ = {
			isa = PBXResourcesBuildPhase;
			buildActionMask = 2147483647;
			files = (
				D596EA892BAABFCD00293BDA /* resorts.json in Resources */,
				D596EA662BA96F9F00293BDA /* Preview Assets.xcassets in Resources */,
				D596EA632BA96F9F00293BDA /* Assets.xcassets in Resources */,
			);
			runOnlyForDeploymentPostprocessing = 0;
		};
		D596EA692BA96FA000293BDA /* Resources */ = {
			isa = PBXResourcesBuildPhase;
			buildActionMask = 2147483647;
			files = (
			);
			runOnlyForDeploymentPostprocessing = 0;
		};
		D596EA732BA96FA000293BDA /* Resources */ = {
			isa = PBXResourcesBuildPhase;
			buildActionMask = 2147483647;
			files = (
			);
			runOnlyForDeploymentPostprocessing = 0;
		};
/* End PBXResourcesBuildPhase section */

/* Begin PBXSourcesBuildPhase section */
		D596EA572BA96F9E00293BDA /* Sources */ = {
			isa = PBXSourcesBuildPhase;
			buildActionMask = 2147483647;
			files = (
				D596EA8F2BAC108500293BDA /* WelcomeView.swift in Sources */,
				D596EA932BAC15E100293BDA /* SkiDetailsView.swift in Sources */,
				D596EA952BAC16F400293BDA /* ResortDetailsView.swift in Sources */,
				D596EA972BAD6B9900293BDA /* Facility.swift in Sources */,
				D596EA612BA96F9E00293BDA /* ContentView.swift in Sources */,
				D596EA8B2BAAC07100293BDA /* Resort.swift in Sources */,
				D596EA912BAC13CF00293BDA /* ResortView.swift in Sources */,
				D596EA5F2BA96F9E00293BDA /* SnowSeekerApp.swift in Sources */,
				D596EA8D2BAAC11700293BDA /* Bundle-Decodable.swift in Sources */,
			);
			runOnlyForDeploymentPostprocessing = 0;
		};
		D596EA672BA96FA000293BDA /* Sources */ = {
			isa = PBXSourcesBuildPhase;
			buildActionMask = 2147483647;
			files = (
				D596EA702BA96FA000293BDA /* SnowSeekerTests.swift in Sources */,
			);
			runOnlyForDeploymentPostprocessing = 0;
		};
		D596EA712BA96FA000293BDA /* Sources */ = {
			isa = PBXSourcesBuildPhase;
			buildActionMask = 2147483647;
			files = (
				D596EA7C2BA96FA000293BDA /* SnowSeekerUITestsLaunchTests.swift in Sources */,
				D596EA7A2BA96FA000293BDA /* SnowSeekerUITests.swift in Sources */,
			);
			runOnlyForDeploymentPostprocessing = 0;
		};
/* End PBXSourcesBuildPhase section */

/* Begin PBXTargetDependency section */
		D596EA6D2BA96FA000293BDA /* PBXTargetDependency */ = {
			isa = PBXTargetDependency;
			target = D596EA5A2BA96F9E00293BDA /* SnowSeeker */;
			targetProxy = D596EA6C2BA96FA000293BDA /* PBXContainerItemProxy */;
		};
		D596EA772BA96FA000293BDA /* PBXTargetDependency */ = {
			isa = PBXTargetDependency;
			target = D596EA5A2BA96F9E00293BDA /* SnowSeeker */;
			targetProxy = D596EA762BA96FA000293BDA /* PBXContainerItemProxy */;
		};
/* End PBXTargetDependency section */

/* Begin XCBuildConfiguration section */
		D596EA7D2BA96FA000293BDA /* Debug */ = {
			isa = XCBuildConfiguration;
			buildSettings = {
				ALWAYS_SEARCH_USER_PATHS = NO;
				ASSETCATALOG_COMPILER_GENERATE_SWIFT_ASSET_SYMBOL_EXTENSIONS = YES;
				CLANG_ANALYZER_NONNULL = YES;
				CLANG_ANALYZER_NUMBER_OBJECT_CONVERSION = YES_AGGRESSIVE;
				CLANG_CXX_LANGUAGE_STANDARD = "gnu++20";
				CLANG_ENABLE_MODULES = YES;
				CLANG_ENABLE_OBJC_ARC = YES;
				CLANG_ENABLE_OBJC_WEAK = YES;
				CLANG_WARN_BLOCK_CAPTURE_AUTORELEASING = YES;
				CLANG_WARN_BOOL_CONVERSION = YES;
				CLANG_WARN_COMMA = YES;
				CLANG_WARN_CONSTANT_CONVERSION = YES;
				CLANG_WARN_DEPRECATED_OBJC_IMPLEMENTATIONS = YES;
				CLANG_WARN_DIRECT_OBJC_ISA_USAGE = YES_ERROR;
				CLANG_WARN_DOCUMENTATION_COMMENTS = YES;
				CLANG_WARN_EMPTY_BODY = YES;
				CLANG_WARN_ENUM_CONVERSION = YES;
				CLANG_WARN_INFINITE_RECURSION = YES;
				CLANG_WARN_INT_CONVERSION = YES;
				CLANG_WARN_NON_LITERAL_NULL_CONVERSION = YES;
				CLANG_WARN_OBJC_IMPLICIT_RETAIN_SELF = YES;
				CLANG_WARN_OBJC_LITERAL_CONVERSION = YES;
				CLANG_WARN_OBJC_ROOT_CLASS = YES_ERROR;
				CLANG_WARN_QUOTED_INCLUDE_IN_FRAMEWORK_HEADER = YES;
				CLANG_WARN_RANGE_LOOP_ANALYSIS = YES;
				CLANG_WARN_STRICT_PROTOTYPES = YES;
				CLANG_WARN_SUSPICIOUS_MOVE = YES;
				CLANG_WARN_UNGUARDED_AVAILABILITY = YES_AGGRESSIVE;
				CLANG_WARN_UNREACHABLE_CODE = YES;
				CLANG_WARN__DUPLICATE_METHOD_MATCH = YES;
				COPY_PHASE_STRIP = NO;
				DEBUG_INFORMATION_FORMAT = dwarf;
				ENABLE_STRICT_OBJC_MSGSEND = YES;
				ENABLE_TESTABILITY = YES;
				ENABLE_USER_SCRIPT_SANDBOXING = YES;
				GCC_C_LANGUAGE_STANDARD = gnu17;
				GCC_DYNAMIC_NO_PIC = NO;
				GCC_NO_COMMON_BLOCKS = YES;
				GCC_OPTIMIZATION_LEVEL = 0;
				GCC_PREPROCESSOR_DEFINITIONS = (
					"DEBUG=1",
					"$(inherited)",
				);
				GCC_WARN_64_TO_32_BIT_CONVERSION = YES;
				GCC_WARN_ABOUT_RETURN_TYPE = YES_ERROR;
				GCC_WARN_UNDECLARED_SELECTOR = YES;
				GCC_WARN_UNINITIALIZED_AUTOS = YES_AGGRESSIVE;
				GCC_WARN_UNUSED_FUNCTION = YES;
				GCC_WARN_UNUSED_VARIABLE = YES;
				IPHONEOS_DEPLOYMENT_TARGET = 17.4;
				LOCALIZATION_PREFERS_STRING_CATALOGS = YES;
				MTL_ENABLE_DEBUG_INFO = INCLUDE_SOURCE;
				MTL_FAST_MATH = YES;
				ONLY_ACTIVE_ARCH = YES;
				SDKROOT = iphoneos;
				SWIFT_ACTIVE_COMPILATION_CONDITIONS = "DEBUG $(inherited)";
				SWIFT_OPTIMIZATION_LEVEL = "-Onone";
			};
			name = Debug;
		};
		D596EA7E2BA96FA000293BDA /* Release */ = {
			isa = XCBuildConfiguration;
			buildSettings = {
				ALWAYS_SEARCH_USER_PATHS = NO;
				ASSETCATALOG_COMPILER_GENERATE_SWIFT_ASSET_SYMBOL_EXTENSIONS = YES;
				CLANG_ANALYZER_NONNULL = YES;
				CLANG_ANALYZER_NUMBER_OBJECT_CONVERSION = YES_AGGRESSIVE;
				CLANG_CXX_LANGUAGE_STANDARD = "gnu++20";
				CLANG_ENABLE_MODULES = YES;
				CLANG_ENABLE_OBJC_ARC = YES;
				CLANG_ENABLE_OBJC_WEAK = YES;
				CLANG_WARN_BLOCK_CAPTURE_AUTORELEASING = YES;
				CLANG_WARN_BOOL_CONVERSION = YES;
				CLANG_WARN_COMMA = YES;
				CLANG_WARN_CONSTANT_CONVERSION = YES;
				CLANG_WARN_DEPRECATED_OBJC_IMPLEMENTATIONS = YES;
				CLANG_WARN_DIRECT_OBJC_ISA_USAGE = YES_ERROR;
				CLANG_WARN_DOCUMENTATION_COMMENTS = YES;
				CLANG_WARN_EMPTY_BODY = YES;
				CLANG_WARN_ENUM_CONVERSION = YES;
				CLANG_WARN_INFINITE_RECURSION = YES;
				CLANG_WARN_INT_CONVERSION = YES;
				CLANG_WARN_NON_LITERAL_NULL_CONVERSION = YES;
				CLANG_WARN_OBJC_IMPLICIT_RETAIN_SELF = YES;
				CLANG_WARN_OBJC_LITERAL_CONVERSION = YES;
				CLANG_WARN_OBJC_ROOT_CLASS = YES_ERROR;
				CLANG_WARN_QUOTED_INCLUDE_IN_FRAMEWORK_HEADER = YES;
				CLANG_WARN_RANGE_LOOP_ANALYSIS = YES;
				CLANG_WARN_STRICT_PROTOTYPES = YES;
				CLANG_WARN_SUSPICIOUS_MOVE = YES;
				CLANG_WARN_UNGUARDED_AVAILABILITY = YES_AGGRESSIVE;
				CLANG_WARN_UNREACHABLE_CODE = YES;
				CLANG_WARN__DUPLICATE_METHOD_MATCH = YES;
				COPY_PHASE_STRIP = NO;
				DEBUG_INFORMATION_FORMAT = "dwarf-with-dsym";
				ENABLE_NS_ASSERTIONS = NO;
				ENABLE_STRICT_OBJC_MSGSEND = YES;
				ENABLE_USER_SCRIPT_SANDBOXING = YES;
				GCC_C_LANGUAGE_STANDARD = gnu17;
				GCC_NO_COMMON_BLOCKS = YES;
				GCC_WARN_64_TO_32_BIT_CONVERSION = YES;
				GCC_WARN_ABOUT_RETURN_TYPE = YES_ERROR;
				GCC_WARN_UNDECLARED_SELECTOR = YES;
				GCC_WARN_UNINITIALIZED_AUTOS = YES_AGGRESSIVE;
				GCC_WARN_UNUSED_FUNCTION = YES;
				GCC_WARN_UNUSED_VARIABLE = YES;
				IPHONEOS_DEPLOYMENT_TARGET = 17.4;
				LOCALIZATION_PREFERS_STRING_CATALOGS = YES;
				MTL_ENABLE_DEBUG_INFO = NO;
				MTL_FAST_MATH = YES;
				SDKROOT = iphoneos;
				SWIFT_COMPILATION_MODE = wholemodule;
				VALIDATE_PRODUCT = YES;
			};
			name = Release;
		};
		D596EA802BA96FA000293BDA /* Debug */ = {
			isa = XCBuildConfiguration;
			buildSettings = {
				ASSETCATALOG_COMPILER_APPICON_NAME = AppIcon;
				ASSETCATALOG_COMPILER_GLOBAL_ACCENT_COLOR_NAME = AccentColor;
				CODE_SIGN_STYLE = Automatic;
				CURRENT_PROJECT_VERSION = 1;
				DEVELOPMENT_ASSET_PATHS = "\"SnowSeeker/Preview Content\"";
				DEVELOPMENT_TEAM = 3B86NGN2ZD;
				ENABLE_PREVIEWS = YES;
				GENERATE_INFOPLIST_FILE = YES;
				INFOPLIST_KEY_UIApplicationSceneManifest_Generation = YES;
				INFOPLIST_KEY_UIApplicationSupportsIndirectInputEvents = YES;
				INFOPLIST_KEY_UILaunchScreen_Generation = YES;
				INFOPLIST_KEY_UISupportedInterfaceOrientations_iPad = "UIInterfaceOrientationPortrait UIInterfaceOrientationPortraitUpsideDown UIInterfaceOrientationLandscapeLeft UIInterfaceOrientationLandscapeRight";
				INFOPLIST_KEY_UISupportedInterfaceOrientations_iPhone = "UIInterfaceOrientationPortrait UIInterfaceOrientationLandscapeLeft UIInterfaceOrientationLandscapeRight";
				LD_RUNPATH_SEARCH_PATHS = (
					"$(inherited)",
					"@executable_path/Frameworks",
				);
				MARKETING_VERSION = 1.0;
				PRODUCT_BUNDLE_IDENTIFIER = com.example.mtrinh.SnowSeeker;
				PRODUCT_NAME = "$(TARGET_NAME)";
				SWIFT_EMIT_LOC_STRINGS = YES;
				SWIFT_VERSION = 5.0;
				TARGETED_DEVICE_FAMILY = "1,2";
			};
			name = Debug;
		};
		D596EA812BA96FA000293BDA /* Release */ = {
			isa = XCBuildConfiguration;
			buildSettings = {
				ASSETCATALOG_COMPILER_APPICON_NAME = AppIcon;
				ASSETCATALOG_COMPILER_GLOBAL_ACCENT_COLOR_NAME = AccentColor;
				CODE_SIGN_STYLE = Automatic;
				CURRENT_PROJECT_VERSION = 1;
				DEVELOPMENT_ASSET_PATHS = "\"SnowSeeker/Preview Content\"";
				DEVELOPMENT_TEAM = 3B86NGN2ZD;
				ENABLE_PREVIEWS = YES;
				GENERATE_INFOPLIST_FILE = YES;
				INFOPLIST_KEY_UIApplicationSceneManifest_Generation = YES;
				INFOPLIST_KEY_UIApplicationSupportsIndirectInputEvents = YES;
				INFOPLIST_KEY_UILaunchScreen_Generation = YES;
				INFOPLIST_KEY_UISupportedInterfaceOrientations_iPad = "UIInterfaceOrientationPortrait UIInterfaceOrientationPortraitUpsideDown UIInterfaceOrientationLandscapeLeft UIInterfaceOrientationLandscapeRight";
				INFOPLIST_KEY_UISupportedInterfaceOrientations_iPhone = "UIInterfaceOrientationPortrait UIInterfaceOrientationLandscapeLeft UIInterfaceOrientationLandscapeRight";
				LD_RUNPATH_SEARCH_PATHS = (
					"$(inherited)",
					"@executable_path/Frameworks",
				);
				MARKETING_VERSION = 1.0;
				PRODUCT_BUNDLE_IDENTIFIER = com.example.mtrinh.SnowSeeker;
				PRODUCT_NAME = "$(TARGET_NAME)";
				SWIFT_EMIT_LOC_STRINGS = YES;
				SWIFT_VERSION = 5.0;
				TARGETED_DEVICE_FAMILY = "1,2";
			};
			name = Release;
		};
		D596EA832BA96FA000293BDA /* Debug */ = {
			isa = XCBuildConfiguration;
			buildSettings = {
				ALWAYS_EMBED_SWIFT_STANDARD_LIBRARIES = YES;
				BUNDLE_LOADER = "$(TEST_HOST)";
				CODE_SIGN_STYLE = Automatic;
				CURRENT_PROJECT_VERSION = 1;
				DEVELOPMENT_TEAM = 3B86NGN2ZD;
				GENERATE_INFOPLIST_FILE = YES;
				IPHONEOS_DEPLOYMENT_TARGET = 17.4;
				MARKETING_VERSION = 1.0;
				PRODUCT_BUNDLE_IDENTIFIER = com.example.mtrinh.SnowSeekerTests;
				PRODUCT_NAME = "$(TARGET_NAME)";
				SWIFT_EMIT_LOC_STRINGS = NO;
				SWIFT_VERSION = 5.0;
				TARGETED_DEVICE_FAMILY = "1,2";
				TEST_HOST = "$(BUILT_PRODUCTS_DIR)/SnowSeeker.app/$(BUNDLE_EXECUTABLE_FOLDER_PATH)/SnowSeeker";
			};
			name = Debug;
		};
		D596EA842BA96FA000293BDA /* Release */ = {
			isa = XCBuildConfiguration;
			buildSettings = {
				ALWAYS_EMBED_SWIFT_STANDARD_LIBRARIES = YES;
				BUNDLE_LOADER = "$(TEST_HOST)";
				CODE_SIGN_STYLE = Automatic;
				CURRENT_PROJECT_VERSION = 1;
				DEVELOPMENT_TEAM = 3B86NGN2ZD;
				GENERATE_INFOPLIST_FILE = YES;
				IPHONEOS_DEPLOYMENT_TARGET = 17.4;
				MARKETING_VERSION = 1.0;
				PRODUCT_BUNDLE_IDENTIFIER = com.example.mtrinh.SnowSeekerTests;
				PRODUCT_NAME = "$(TARGET_NAME)";
				SWIFT_EMIT_LOC_STRINGS = NO;
				SWIFT_VERSION = 5.0;
				TARGETED_DEVICE_FAMILY = "1,2";
				TEST_HOST = "$(BUILT_PRODUCTS_DIR)/SnowSeeker.app/$(BUNDLE_EXECUTABLE_FOLDER_PATH)/SnowSeeker";
			};
			name = Release;
		};
		D596EA862BA96FA000293BDA /* Debug */ = {
			isa = XCBuildConfiguration;
			buildSettings = {
				ALWAYS_EMBED_SWIFT_STANDARD_LIBRARIES = YES;
				CODE_SIGN_STYLE = Automatic;
				CURRENT_PROJECT_VERSION = 1;
				DEVELOPMENT_TEAM = 3B86NGN2ZD;
				GENERATE_INFOPLIST_FILE = YES;
				MARKETING_VERSION = 1.0;
				PRODUCT_BUNDLE_IDENTIFIER = com.example.mtrinh.SnowSeekerUITests;
				PRODUCT_NAME = "$(TARGET_NAME)";
				SWIFT_EMIT_LOC_STRINGS = NO;
				SWIFT_VERSION = 5.0;
				TARGETED_DEVICE_FAMILY = "1,2";
				TEST_TARGET_NAME = SnowSeeker;
			};
			name = Debug;
		};
		D596EA872BA96FA000293BDA /* Release */ = {
			isa = XCBuildConfiguration;
			buildSettings = {
				ALWAYS_EMBED_SWIFT_STANDARD_LIBRARIES = YES;
				CODE_SIGN_STYLE = Automatic;
				CURRENT_PROJECT_VERSION = 1;
				DEVELOPMENT_TEAM = 3B86NGN2ZD;
				GENERATE_INFOPLIST_FILE = YES;
				MARKETING_VERSION = 1.0;
				PRODUCT_BUNDLE_IDENTIFIER = com.example.mtrinh.SnowSeekerUITests;
				PRODUCT_NAME = "$(TARGET_NAME)";
				SWIFT_EMIT_LOC_STRINGS = NO;
				SWIFT_VERSION = 5.0;
				TARGETED_DEVICE_FAMILY = "1,2";
				TEST_TARGET_NAME = SnowSeeker;
			};
			name = Release;
		};
/* End XCBuildConfiguration section */

/* Begin XCConfigurationList section */
		D596EA562BA96F9E00293BDA /* Build configuration list for PBXProject "SnowSeeker" */ = {
			isa = XCConfigurationList;
			buildConfigurations = (
				D596EA7D2BA96FA000293BDA /* Debug */,
				D596EA7E2BA96FA000293BDA /* Release */,
			);
			defaultConfigurationIsVisible = 0;
			defaultConfigurationName = Release;
		};
		D596EA7F2BA96FA000293BDA /* Build configuration list for PBXNativeTarget "SnowSeeker" */ = {
			isa = XCConfigurationList;
			buildConfigurations = (
				D596EA802BA96FA000293BDA /* Debug */,
				D596EA812BA96FA000293BDA /* Release */,
			);
			defaultConfigurationIsVisible = 0;
			defaultConfigurationName = Release;
		};
		D596EA822BA96FA000293BDA /* Build configuration list for PBXNativeTarget "SnowSeekerTests" */ = {
			isa = XCConfigurationList;
			buildConfigurations = (
				D596EA832BA96FA000293BDA /* Debug */,
				D596EA842BA96FA000293BDA /* Release */,
			);
			defaultConfigurationIsVisible = 0;
			defaultConfigurationName = Release;
		};
		D596EA852BA96FA000293BDA /* Build configuration list for PBXNativeTarget "SnowSeekerUITests" */ = {
			isa = XCConfigurationList;
			buildConfigurations = (
				D596EA862BA96FA000293BDA /* Debug */,
				D596EA872BA96FA000293BDA /* Release */,
			);
			defaultConfigurationIsVisible = 0;
			defaultConfigurationName = Release;
		};
/* End XCConfigurationList section */
	};
	rootObject = D596EA532BA96F9E00293BDA /* Project object */;
}
