// !$*UTF8*$!
{
	archiveVersion = 1;
	classes = {
	};
	objectVersion = 56;
	objects = {

/* Begin PBXBuildFile section */
		D5CEC2A92B4675DB0037DE2F /* BucketListApp.swift in Sources */ = {isa = PBXBuildFile; fileRef = D5CEC2A82B4675DB0037DE2F /* BucketListApp.swift */; };
		D5CEC2AB2B4675DB0037DE2F /* ContentView.swift in Sources */ = {isa = PBXBuildFile; fileRef = D5CEC2AA2B4675DB0037DE2F /* ContentView.swift */; };
		D5CEC2AD2B4675DC0037DE2F /* Assets.xcassets in Resources */ = {isa = PBXBuildFile; fileRef = D5CEC2AC2B4675DC0037DE2F /* Assets.xcassets */; };
		D5CEC2B02B4675DC0037DE2F /* Preview Assets.xcassets in Resources */ = {isa = PBXBuildFile; fileRef = D5CEC2AF2B4675DC0037DE2F /* Preview Assets.xcassets */; };
		D5CEC2BA2B4675DC0037DE2F /* BucketListTests.swift in Sources */ = {isa = PBXBuildFile; fileRef = D5CEC2B92B4675DC0037DE2F /* BucketListTests.swift */; };
		D5CEC2C42B4675DC0037DE2F /* BucketListUITests.swift in Sources */ = {isa = PBXBuildFile; fileRef = D5CEC2C32B4675DC0037DE2F /* BucketListUITests.swift */; };
		D5CEC2C62B4675DC0037DE2F /* BucketListUITestsLaunchTests.swift in Sources */ = {isa = PBXBuildFile; fileRef = D5CEC2C52B4675DC0037DE2F /* BucketListUITestsLaunchTests.swift */; };
		D5CEC2D32B473EA50037DE2F /* Location.swift in Sources */ = {isa = PBXBuildFile; fileRef = D5CEC2D22B473EA50037DE2F /* Location.swift */; };
		D5CEC2D52B47BDC20037DE2F /* EditView.swift in Sources */ = {isa = PBXBuildFile; fileRef = D5CEC2D42B47BDC20037DE2F /* EditView.swift */; };
		D5CEC2D72B47DA430037DE2F /* Result.swift in Sources */ = {isa = PBXBuildFile; fileRef = D5CEC2D62B47DA430037DE2F /* Result.swift */; };
		D5DFDD382B4A7CE6001BABFF /* ContentView-ViewModel.swift in Sources */ = {isa = PBXBuildFile; fileRef = D5DFDD372B4A7CE6001BABFF /* ContentView-ViewModel.swift */; };
		D5DFDD3A2B4A80DD001BABFF /* FileManager-DocumentsDirectory.swift in Sources */ = {isa = PBXBuildFile; fileRef = D5DFDD392B4A80DD001BABFF /* FileManager-DocumentsDirectory.swift */; };
/* End PBXBuildFile section */

/* Begin PBXContainerItemProxy section */
		D5CEC2B62B4675DC0037DE2F /* PBXContainerItemProxy */ = {
			isa = PBXContainerItemProxy;
			containerPortal = D5CEC29D2B4675DB0037DE2F /* Project object */;
			proxyType = 1;
			remoteGlobalIDString = D5CEC2A42B4675DB0037DE2F;
			remoteInfo = BucketList;
		};
		D5CEC2C02B4675DC0037DE2F /* PBXContainerItemProxy */ = {
			isa = PBXContainerItemProxy;
			containerPortal = D5CEC29D2B4675DB0037DE2F /* Project object */;
			proxyType = 1;
			remoteGlobalIDString = D5CEC2A42B4675DB0037DE2F;
			remoteInfo = BucketList;
		};
/* End PBXContainerItemProxy section */

/* Begin PBXFileReference section */
		D5CEC2A52B4675DB0037DE2F /* BucketList.app */ = {isa = PBXFileReference; explicitFileType = wrapper.application; includeInIndex = 0; path = BucketList.app; sourceTree = BUILT_PRODUCTS_DIR; };
		D5CEC2A82B4675DB0037DE2F /* BucketListApp.swift */ = {isa = PBXFileReference; lastKnownFileType = sourcecode.swift; path = BucketListApp.swift; sourceTree = "<group>"; };
		D5CEC2AA2B4675DB0037DE2F /* ContentView.swift */ = {isa = PBXFileReference; lastKnownFileType = sourcecode.swift; path = ContentView.swift; sourceTree = "<group>"; };
		D5CEC2AC2B4675DC0037DE2F /* Assets.xcassets */ = {isa = PBXFileReference; lastKnownFileType = folder.assetcatalog; path = Assets.xcassets; sourceTree = "<group>"; };
		D5CEC2AF2B4675DC0037DE2F /* Preview Assets.xcassets */ = {isa = PBXFileReference; lastKnownFileType = folder.assetcatalog; path = "Preview Assets.xcassets"; sourceTree = "<group>"; };
		D5CEC2B52B4675DC0037DE2F /* BucketListTests.xctest */ = {isa = PBXFileReference; explicitFileType = wrapper.cfbundle; includeInIndex = 0; path = BucketListTests.xctest; sourceTree = BUILT_PRODUCTS_DIR; };
		D5CEC2B92B4675DC0037DE2F /* BucketListTests.swift */ = {isa = PBXFileReference; lastKnownFileType = sourcecode.swift; path = BucketListTests.swift; sourceTree = "<group>"; };
		D5CEC2BF2B4675DC0037DE2F /* BucketListUITests.xctest */ = {isa = PBXFileReference; explicitFileType = wrapper.cfbundle; includeInIndex = 0; path = BucketListUITests.xctest; sourceTree = BUILT_PRODUCTS_DIR; };
		D5CEC2C32B4675DC0037DE2F /* BucketListUITests.swift */ = {isa = PBXFileReference; lastKnownFileType = sourcecode.swift; path = BucketListUITests.swift; sourceTree = "<group>"; };
		D5CEC2C52B4675DC0037DE2F /* BucketListUITestsLaunchTests.swift */ = {isa = PBXFileReference; lastKnownFileType = sourcecode.swift; path = BucketListUITestsLaunchTests.swift; sourceTree = "<group>"; };
		D5CEC2D22B473EA50037DE2F /* Location.swift */ = {isa = PBXFileReference; lastKnownFileType = sourcecode.swift; path = Location.swift; sourceTree = "<group>"; };
		D5CEC2D42B47BDC20037DE2F /* EditView.swift */ = {isa = PBXFileReference; lastKnownFileType = sourcecode.swift; path = EditView.swift; sourceTree = "<group>"; };
		D5CEC2D62B47DA430037DE2F /* Result.swift */ = {isa = PBXFileReference; lastKnownFileType = sourcecode.swift; path = Result.swift; sourceTree = "<group>"; };
		D5DFDD372B4A7CE6001BABFF /* ContentView-ViewModel.swift */ = {isa = PBXFileReference; lastKnownFileType = sourcecode.swift; path = "ContentView-ViewModel.swift"; sourceTree = "<group>"; };
		D5DFDD392B4A80DD001BABFF /* FileManager-DocumentsDirectory.swift */ = {isa = PBXFileReference; lastKnownFileType = sourcecode.swift; path = "FileManager-DocumentsDirectory.swift"; sourceTree = "<group>"; };
/* End PBXFileReference section */

/* Begin PBXFrameworksBuildPhase section */
		D5CEC2A22B4675DB0037DE2F /* Frameworks */ = {
			isa = PBXFrameworksBuildPhase;
			buildActionMask = 2147483647;
			files = (
			);
			runOnlyForDeploymentPostprocessing = 0;
		};
		D5CEC2B22B4675DC0037DE2F /* Frameworks */ = {
			isa = PBXFrameworksBuildPhase;
			buildActionMask = 2147483647;
			files = (
			);
			runOnlyForDeploymentPostprocessing = 0;
		};
		D5CEC2BC2B4675DC0037DE2F /* Frameworks */ = {
			isa = PBXFrameworksBuildPhase;
			buildActionMask = 2147483647;
			files = (
			);
			runOnlyForDeploymentPostprocessing = 0;
		};
/* End PBXFrameworksBuildPhase section */

/* Begin PBXGroup section */
		D5CEC29C2B4675DB0037DE2F = {
			isa = PBXGroup;
			children = (
				D5CEC2A72B4675DB0037DE2F /* BucketList */,
				D5CEC2B82B4675DC0037DE2F /* BucketListTests */,
				D5CEC2C22B4675DC0037DE2F /* BucketListUITests */,
				D5CEC2A62B4675DB0037DE2F /* Products */,
			);
			sourceTree = "<group>";
		};
		D5CEC2A62B4675DB0037DE2F /* Products */ = {
			isa = PBXGroup;
			children = (
				D5CEC2A52B4675DB0037DE2F /* BucketList.app */,
				D5CEC2B52B4675DC0037DE2F /* BucketListTests.xctest */,
				D5CEC2BF2B4675DC0037DE2F /* BucketListUITests.xctest */,
			);
			name = Products;
			sourceTree = "<group>";
		};
		D5CEC2A72B4675DB0037DE2F /* BucketList */ = {
			isa = PBXGroup;
			children = (
				D5CEC2A82B4675DB0037DE2F /* BucketListApp.swift */,
				D5CEC2AA2B4675DB0037DE2F /* ContentView.swift */,
				D5DFDD372B4A7CE6001BABFF /* ContentView-ViewModel.swift */,
				D5DFDD392B4A80DD001BABFF /* FileManager-DocumentsDirectory.swift */,
				D5CEC2D62B47DA430037DE2F /* Result.swift */,
				D5CEC2D42B47BDC20037DE2F /* EditView.swift */,
				D5CEC2D22B473EA50037DE2F /* Location.swift */,
				D5CEC2AC2B4675DC0037DE2F /* Assets.xcassets */,
				D5CEC2AE2B4675DC0037DE2F /* Preview Content */,
			);
			path = BucketList;
			sourceTree = "<group>";
		};
		D5CEC2AE2B4675DC0037DE2F /* Preview Content */ = {
			isa = PBXGroup;
			children = (
				D5CEC2AF2B4675DC0037DE2F /* Preview Assets.xcassets */,
			);
			path = "Preview Content";
			sourceTree = "<group>";
		};
		D5CEC2B82B4675DC0037DE2F /* BucketListTests */ = {
			isa = PBXGroup;
			children = (
				D5CEC2B92B4675DC0037DE2F /* BucketListTests.swift */,
			);
			path = BucketListTests;
			sourceTree = "<group>";
		};
		D5CEC2C22B4675DC0037DE2F /* BucketListUITests */ = {
			isa = PBXGroup;
			children = (
				D5CEC2C32B4675DC0037DE2F /* BucketListUITests.swift */,
				D5CEC2C52B4675DC0037DE2F /* BucketListUITestsLaunchTests.swift */,
			);
			path = BucketListUITests;
			sourceTree = "<group>";
		};
/* End PBXGroup section */

/* Begin PBXNativeTarget section */
		D5CEC2A42B4675DB0037DE2F /* BucketList */ = {
			isa = PBXNativeTarget;
			buildConfigurationList = D5CEC2C92B4675DC0037DE2F /* Build configuration list for PBXNativeTarget "BucketList" */;
			buildPhases = (
				D5CEC2A12B4675DB0037DE2F /* Sources */,
				D5CEC2A22B4675DB0037DE2F /* Frameworks */,
				D5CEC2A32B4675DB0037DE2F /* Resources */,
			);
			buildRules = (
			);
			dependencies = (
			);
			name = BucketList;
			productName = BucketList;
			productReference = D5CEC2A52B4675DB0037DE2F /* BucketList.app */;
			productType = "com.apple.product-type.application";
		};
		D5CEC2B42B4675DC0037DE2F /* BucketListTests */ = {
			isa = PBXNativeTarget;
			buildConfigurationList = D5CEC2CC2B4675DC0037DE2F /* Build configuration list for PBXNativeTarget "BucketListTests" */;
			buildPhases = (
				D5CEC2B12B4675DC0037DE2F /* Sources */,
				D5CEC2B22B4675DC0037DE2F /* Frameworks */,
				D5CEC2B32B4675DC0037DE2F /* Resources */,
			);
			buildRules = (
			);
			dependencies = (
				D5CEC2B72B4675DC0037DE2F /* PBXTargetDependency */,
			);
			name = BucketListTests;
			productName = BucketListTests;
			productReference = D5CEC2B52B4675DC0037DE2F /* BucketListTests.xctest */;
			productType = "com.apple.product-type.bundle.unit-test";
		};
		D5CEC2BE2B4675DC0037DE2F /* BucketListUITests */ = {
			isa = PBXNativeTarget;
			buildConfigurationList = D5CEC2CF2B4675DC0037DE2F /* Build configuration list for PBXNativeTarget "BucketListUITests" */;
			buildPhases = (
				D5CEC2BB2B4675DC0037DE2F /* Sources */,
				D5CEC2BC2B4675DC0037DE2F /* Frameworks */,
				D5CEC2BD2B4675DC0037DE2F /* Resources */,
			);
			buildRules = (
			);
			dependencies = (
				D5CEC2C12B4675DC0037DE2F /* PBXTargetDependency */,
			);
			name = BucketListUITests;
			productName = BucketListUITests;
			productReference = D5CEC2BF2B4675DC0037DE2F /* BucketListUITests.xctest */;
			productType = "com.apple.product-type.bundle.ui-testing";
		};
/* End PBXNativeTarget section */

/* Begin PBXProject section */
		D5CEC29D2B4675DB0037DE2F /* Project object */ = {
			isa = PBXProject;
			attributes = {
				BuildIndependentTargetsInParallel = 1;
				LastSwiftUpdateCheck = 1510;
				LastUpgradeCheck = 1510;
				TargetAttributes = {
					D5CEC2A42B4675DB0037DE2F = {
						CreatedOnToolsVersion = 15.1;
					};
					D5CEC2B42B4675DC0037DE2F = {
						CreatedOnToolsVersion = 15.1;
						TestTargetID = D5CEC2A42B4675DB0037DE2F;
					};
					D5CEC2BE2B4675DC0037DE2F = {
						CreatedOnToolsVersion = 15.1;
						TestTargetID = D5CEC2A42B4675DB0037DE2F;
					};
				};
			};
			buildConfigurationList = D5CEC2A02B4675DB0037DE2F /* Build configuration list for PBXProject "BucketList" */;
			compatibilityVersion = "Xcode 14.0";
			developmentRegion = en;
			hasScannedForEncodings = 0;
			knownRegions = (
				en,
				Base,
			);
			mainGroup = D5CEC29C2B4675DB0037DE2F;
			productRefGroup = D5CEC2A62B4675DB0037DE2F /* Products */;
			projectDirPath = "";
			projectRoot = "";
			targets = (
				D5CEC2A42B4675DB0037DE2F /* BucketList */,
				D5CEC2B42B4675DC0037DE2F /* BucketListTests */,
				D5CEC2BE2B4675DC0037DE2F /* BucketListUITests */,
			);
		};
/* End PBXProject section */

/* Begin PBXResourcesBuildPhase section */
		D5CEC2A32B4675DB0037DE2F /* Resources */ = {
			isa = PBXResourcesBuildPhase;
			buildActionMask = 2147483647;
			files = (
				D5CEC2B02B4675DC0037DE2F /* Preview Assets.xcassets in Resources */,
				D5CEC2AD2B4675DC0037DE2F /* Assets.xcassets in Resources */,
			);
			runOnlyForDeploymentPostprocessing = 0;
		};
		D5CEC2B32B4675DC0037DE2F /* Resources */ = {
			isa = PBXResourcesBuildPhase;
			buildActionMask = 2147483647;
			files = (
			);
			runOnlyForDeploymentPostprocessing = 0;
		};
		D5CEC2BD2B4675DC0037DE2F /* Resources */ = {
			isa = PBXResourcesBuildPhase;
			buildActionMask = 2147483647;
			files = (
			);
			runOnlyForDeploymentPostprocessing = 0;
		};
/* End PBXResourcesBuildPhase section */

/* Begin PBXSourcesBuildPhase section */
		D5CEC2A12B4675DB0037DE2F /* Sources */ = {
			isa = PBXSourcesBuildPhase;
			buildActionMask = 2147483647;
			files = (
				D5CEC2AB2B4675DB0037DE2F /* ContentView.swift in Sources */,
				D5DFDD3A2B4A80DD001BABFF /* FileManager-DocumentsDirectory.swift in Sources */,
				D5DFDD382B4A7CE6001BABFF /* ContentView-ViewModel.swift in Sources */,
				D5CEC2D72B47DA430037DE2F /* Result.swift in Sources */,
				D5CEC2D32B473EA50037DE2F /* Location.swift in Sources */,
				D5CEC2D52B47BDC20037DE2F /* EditView.swift in Sources */,
				D5CEC2A92B4675DB0037DE2F /* BucketListApp.swift in Sources */,
			);
			runOnlyForDeploymentPostprocessing = 0;
		};
		D5CEC2B12B4675DC0037DE2F /* Sources */ = {
			isa = PBXSourcesBuildPhase;
			buildActionMask = 2147483647;
			files = (
				D5CEC2BA2B4675DC0037DE2F /* BucketListTests.swift in Sources */,
			);
			runOnlyForDeploymentPostprocessing = 0;
		};
		D5CEC2BB2B4675DC0037DE2F /* Sources */ = {
			isa = PBXSourcesBuildPhase;
			buildActionMask = 2147483647;
			files = (
				D5CEC2C62B4675DC0037DE2F /* BucketListUITestsLaunchTests.swift in Sources */,
				D5CEC2C42B4675DC0037DE2F /* BucketListUITests.swift in Sources */,
			);
			runOnlyForDeploymentPostprocessing = 0;
		};
/* End PBXSourcesBuildPhase section */

/* Begin PBXTargetDependency section */
		D5CEC2B72B4675DC0037DE2F /* PBXTargetDependency */ = {
			isa = PBXTargetDependency;
			target = D5CEC2A42B4675DB0037DE2F /* BucketList */;
			targetProxy = D5CEC2B62B4675DC0037DE2F /* PBXContainerItemProxy */;
		};
		D5CEC2C12B4675DC0037DE2F /* PBXTargetDependency */ = {
			isa = PBXTargetDependency;
			target = D5CEC2A42B4675DB0037DE2F /* BucketList */;
			targetProxy = D5CEC2C02B4675DC0037DE2F /* PBXContainerItemProxy */;
		};
/* End PBXTargetDependency section */

/* Begin XCBuildConfiguration section */
		D5CEC2C72B4675DC0037DE2F /* Debug */ = {
			isa = XCBuildConfiguration;
			buildSettings = {
				ALWAYS_SEARCH_USER_PATHS = NO;
				ASSETCATALOG_COMPILER_GENERATE_SWIFT_ASSET_SYMBOL_EXTENSIONS = YES;
				CLANG_ANALYZER_NONNULL = YES;
				CLANG_ANALYZER_NUMBER_OBJECT_CONVERSION = YES_AGGRESSIVE;
				CLANG_CXX_LANGUAGE_STANDARD = "gnu++20";
				CLANG_ENABLE_MODULES = YES;
				CLANG_ENABLE_OBJC_ARC = YES;
				CLANG_ENABLE_OBJC_WEAK = YES;
				CLANG_WARN_BLOCK_CAPTURE_AUTORELEASING = YES;
				CLANG_WARN_BOOL_CONVERSION = YES;
				CLANG_WARN_COMMA = YES;
				CLANG_WARN_CONSTANT_CONVERSION = YES;
				CLANG_WARN_DEPRECATED_OBJC_IMPLEMENTATIONS = YES;
				CLANG_WARN_DIRECT_OBJC_ISA_USAGE = YES_ERROR;
				CLANG_WARN_DOCUMENTATION_COMMENTS = YES;
				CLANG_WARN_EMPTY_BODY = YES;
				CLANG_WARN_ENUM_CONVERSION = YES;
				CLANG_WARN_INFINITE_RECURSION = YES;
				CLANG_WARN_INT_CONVERSION = YES;
				CLANG_WARN_NON_LITERAL_NULL_CONVERSION = YES;
				CLANG_WARN_OBJC_IMPLICIT_RETAIN_SELF = YES;
				CLANG_WARN_OBJC_LITERAL_CONVERSION = YES;
				CLANG_WARN_OBJC_ROOT_CLASS = YES_ERROR;
				CLANG_WARN_QUOTED_INCLUDE_IN_FRAMEWORK_HEADER = YES;
				CLANG_WARN_RANGE_LOOP_ANALYSIS = YES;
				CLANG_WARN_STRICT_PROTOTYPES = YES;
				CLANG_WARN_SUSPICIOUS_MOVE = YES;
				CLANG_WARN_UNGUARDED_AVAILABILITY = YES_AGGRESSIVE;
				CLANG_WARN_UNREACHABLE_CODE = YES;
				CLANG_WARN__DUPLICATE_METHOD_MATCH = YES;
				COPY_PHASE_STRIP = NO;
				DEBUG_INFORMATION_FORMAT = dwarf;
				ENABLE_STRICT_OBJC_MSGSEND = YES;
				ENABLE_TESTABILITY = YES;
				ENABLE_USER_SCRIPT_SANDBOXING = YES;
				GCC_C_LANGUAGE_STANDARD = gnu17;
				GCC_DYNAMIC_NO_PIC = NO;
				GCC_NO_COMMON_BLOCKS = YES;
				GCC_OPTIMIZATION_LEVEL = 0;
				GCC_PREPROCESSOR_DEFINITIONS = (
					"DEBUG=1",
					"$(inherited)",
				);
				GCC_WARN_64_TO_32_BIT_CONVERSION = YES;
				GCC_WARN_ABOUT_RETURN_TYPE = YES_ERROR;
				GCC_WARN_UNDECLARED_SELECTOR = YES;
				GCC_WARN_UNINITIALIZED_AUTOS = YES_AGGRESSIVE;
				GCC_WARN_UNUSED_FUNCTION = YES;
				GCC_WARN_UNUSED_VARIABLE = YES;
				IPHONEOS_DEPLOYMENT_TARGET = 17.2;
				LOCALIZATION_PREFERS_STRING_CATALOGS = YES;
				MTL_ENABLE_DEBUG_INFO = INCLUDE_SOURCE;
				MTL_FAST_MATH = YES;
				ONLY_ACTIVE_ARCH = YES;
				SDKROOT = iphoneos;
				SWIFT_ACTIVE_COMPILATION_CONDITIONS = "DEBUG $(inherited)";
				SWIFT_OPTIMIZATION_LEVEL = "-Onone";
			};
			name = Debug;
		};
		D5CEC2C82B4675DC0037DE2F /* Release */ = {
			isa = XCBuildConfiguration;
			buildSettings = {
				ALWAYS_SEARCH_USER_PATHS = NO;
				ASSETCATALOG_COMPILER_GENERATE_SWIFT_ASSET_SYMBOL_EXTENSIONS = YES;
				CLANG_ANALYZER_NONNULL = YES;
				CLANG_ANALYZER_NUMBER_OBJECT_CONVERSION = YES_AGGRESSIVE;
				CLANG_CXX_LANGUAGE_STANDARD = "gnu++20";
				CLANG_ENABLE_MODULES = YES;
				CLANG_ENABLE_OBJC_ARC = YES;
				CLANG_ENABLE_OBJC_WEAK = YES;
				CLANG_WARN_BLOCK_CAPTURE_AUTORELEASING = YES;
				CLANG_WARN_BOOL_CONVERSION = YES;
				CLANG_WARN_COMMA = YES;
				CLANG_WARN_CONSTANT_CONVERSION = YES;
				CLANG_WARN_DEPRECATED_OBJC_IMPLEMENTATIONS = YES;
				CLANG_WARN_DIRECT_OBJC_ISA_USAGE = YES_ERROR;
				CLANG_WARN_DOCUMENTATION_COMMENTS = YES;
				CLANG_WARN_EMPTY_BODY = YES;
				CLANG_WARN_ENUM_CONVERSION = YES;
				CLANG_WARN_INFINITE_RECURSION = YES;
				CLANG_WARN_INT_CONVERSION = YES;
				CLANG_WARN_NON_LITERAL_NULL_CONVERSION = YES;
				CLANG_WARN_OBJC_IMPLICIT_RETAIN_SELF = YES;
				CLANG_WARN_OBJC_LITERAL_CONVERSION = YES;
				CLANG_WARN_OBJC_ROOT_CLASS = YES_ERROR;
				CLANG_WARN_QUOTED_INCLUDE_IN_FRAMEWORK_HEADER = YES;
				CLANG_WARN_RANGE_LOOP_ANALYSIS = YES;
				CLANG_WARN_STRICT_PROTOTYPES = YES;
				CLANG_WARN_SUSPICIOUS_MOVE = YES;
				CLANG_WARN_UNGUARDED_AVAILABILITY = YES_AGGRESSIVE;
				CLANG_WARN_UNREACHABLE_CODE = YES;
				CLANG_WARN__DUPLICATE_METHOD_MATCH = YES;
				COPY_PHASE_STRIP = NO;
				DEBUG_INFORMATION_FORMAT = "dwarf-with-dsym";
				ENABLE_NS_ASSERTIONS = NO;
				ENABLE_STRICT_OBJC_MSGSEND = YES;
				ENABLE_USER_SCRIPT_SANDBOXING = YES;
				GCC_C_LANGUAGE_STANDARD = gnu17;
				GCC_NO_COMMON_BLOCKS = YES;
				GCC_WARN_64_TO_32_BIT_CONVERSION = YES;
				GCC_WARN_ABOUT_RETURN_TYPE = YES_ERROR;
				GCC_WARN_UNDECLARED_SELECTOR = YES;
				GCC_WARN_UNINITIALIZED_AUTOS = YES_AGGRESSIVE;
				GCC_WARN_UNUSED_FUNCTION = YES;
				GCC_WARN_UNUSED_VARIABLE = YES;
				IPHONEOS_DEPLOYMENT_TARGET = 17.2;
				LOCALIZATION_PREFERS_STRING_CATALOGS = YES;
				MTL_ENABLE_DEBUG_INFO = NO;
				MTL_FAST_MATH = YES;
				SDKROOT = iphoneos;
				SWIFT_COMPILATION_MODE = wholemodule;
				VALIDATE_PRODUCT = YES;
			};
			name = Release;
		};
		D5CEC2CA2B4675DC0037DE2F /* Debug */ = {
			isa = XCBuildConfiguration;
			buildSettings = {
				ASSETCATALOG_COMPILER_APPICON_NAME = AppIcon;
				ASSETCATALOG_COMPILER_GLOBAL_ACCENT_COLOR_NAME = AccentColor;
				CODE_SIGN_STYLE = Automatic;
				CURRENT_PROJECT_VERSION = 1;
				DEVELOPMENT_ASSET_PATHS = "\"BucketList/Preview Content\"";
				DEVELOPMENT_TEAM = 3B86NGN2ZD;
				ENABLE_PREVIEWS = YES;
				GENERATE_INFOPLIST_FILE = YES;
				INFOPLIST_KEY_NSFaceIDUsageDescription = "We need to unlock your data.";
				INFOPLIST_KEY_UIApplicationSceneManifest_Generation = YES;
				INFOPLIST_KEY_UIApplicationSupportsIndirectInputEvents = YES;
				INFOPLIST_KEY_UILaunchScreen_Generation = YES;
				INFOPLIST_KEY_UISupportedInterfaceOrientations_iPad = "UIInterfaceOrientationPortrait UIInterfaceOrientationPortraitUpsideDown UIInterfaceOrientationLandscapeLeft UIInterfaceOrientationLandscapeRight";
				INFOPLIST_KEY_UISupportedInterfaceOrientations_iPhone = "UIInterfaceOrientationPortrait UIInterfaceOrientationLandscapeLeft UIInterfaceOrientationLandscapeRight";
				LD_RUNPATH_SEARCH_PATHS = (
					"$(inherited)",
					"@executable_path/Frameworks",
				);
				MARKETING_VERSION = 1.0;
				PRODUCT_BUNDLE_IDENTIFIER = com.example.mtrinh.BucketList;
				PRODUCT_NAME = "$(TARGET_NAME)";
				SWIFT_EMIT_LOC_STRINGS = YES;
				SWIFT_VERSION = 5.0;
				TARGETED_DEVICE_FAMILY = "1,2";
			};
			name = Debug;
		};
		D5CEC2CB2B4675DC0037DE2F /* Release */ = {
			isa = XCBuildConfiguration;
			buildSettings = {
				ASSETCATALOG_COMPILER_APPICON_NAME = AppIcon;
				ASSETCATALOG_COMPILER_GLOBAL_ACCENT_COLOR_NAME = AccentColor;
				CODE_SIGN_STYLE = Automatic;
				CURRENT_PROJECT_VERSION = 1;
				DEVELOPMENT_ASSET_PATHS = "\"BucketList/Preview Content\"";
				DEVELOPMENT_TEAM = 3B86NGN2ZD;
				ENABLE_PREVIEWS = YES;
				GENERATE_INFOPLIST_FILE = YES;
				INFOPLIST_KEY_NSFaceIDUsageDescription = "We need to unlock your data.";
				INFOPLIST_KEY_UIApplicationSceneManifest_Generation = YES;
				INFOPLIST_KEY_UIApplicationSupportsIndirectInputEvents = YES;
				INFOPLIST_KEY_UILaunchScreen_Generation = YES;
				INFOPLIST_KEY_UISupportedInterfaceOrientations_iPad = "UIInterfaceOrientationPortrait UIInterfaceOrientationPortraitUpsideDown UIInterfaceOrientationLandscapeLeft UIInterfaceOrientationLandscapeRight";
				INFOPLIST_KEY_UISupportedInterfaceOrientations_iPhone = "UIInterfaceOrientationPortrait UIInterfaceOrientationLandscapeLeft UIInterfaceOrientationLandscapeRight";
				LD_RUNPATH_SEARCH_PATHS = (
					"$(inherited)",
					"@executable_path/Frameworks",
				);
				MARKETING_VERSION = 1.0;
				PRODUCT_BUNDLE_IDENTIFIER = com.example.mtrinh.BucketList;
				PRODUCT_NAME = "$(TARGET_NAME)";
				SWIFT_EMIT_LOC_STRINGS = YES;
				SWIFT_VERSION = 5.0;
				TARGETED_DEVICE_FAMILY = "1,2";
			};
			name = Release;
		};
		D5CEC2CD2B4675DC0037DE2F /* Debug */ = {
			isa = XCBuildConfiguration;
			buildSettings = {
				ALWAYS_EMBED_SWIFT_STANDARD_LIBRARIES = YES;
				BUNDLE_LOADER = "$(TEST_HOST)";
				CODE_SIGN_STYLE = Automatic;
				CURRENT_PROJECT_VERSION = 1;
				DEVELOPMENT_TEAM = 3B86NGN2ZD;
				GENERATE_INFOPLIST_FILE = YES;
				IPHONEOS_DEPLOYMENT_TARGET = 17.2;
				MARKETING_VERSION = 1.0;
				PRODUCT_BUNDLE_IDENTIFIER = com.example.mtrinh.BucketListTests;
				PRODUCT_NAME = "$(TARGET_NAME)";
				SWIFT_EMIT_LOC_STRINGS = NO;
				SWIFT_VERSION = 5.0;
				TARGETED_DEVICE_FAMILY = "1,2";
				TEST_HOST = "$(BUILT_PRODUCTS_DIR)/BucketList.app/$(BUNDLE_EXECUTABLE_FOLDER_PATH)/BucketList";
			};
			name = Debug;
		};
		D5CEC2CE2B4675DC0037DE2F /* Release */ = {
			isa = XCBuildConfiguration;
			buildSettings = {
				ALWAYS_EMBED_SWIFT_STANDARD_LIBRARIES = YES;
				BUNDLE_LOADER = "$(TEST_HOST)";
				CODE_SIGN_STYLE = Automatic;
				CURRENT_PROJECT_VERSION = 1;
				DEVELOPMENT_TEAM = 3B86NGN2ZD;
				GENERATE_INFOPLIST_FILE = YES;
				IPHONEOS_DEPLOYMENT_TARGET = 17.2;
				MARKETING_VERSION = 1.0;
				PRODUCT_BUNDLE_IDENTIFIER = com.example.mtrinh.BucketListTests;
				PRODUCT_NAME = "$(TARGET_NAME)";
				SWIFT_EMIT_LOC_STRINGS = NO;
				SWIFT_VERSION = 5.0;
				TARGETED_DEVICE_FAMILY = "1,2";
				TEST_HOST = "$(BUILT_PRODUCTS_DIR)/BucketList.app/$(BUNDLE_EXECUTABLE_FOLDER_PATH)/BucketList";
			};
			name = Release;
		};
		D5CEC2D02B4675DC0037DE2F /* Debug */ = {
			isa = XCBuildConfiguration;
			buildSettings = {
				ALWAYS_EMBED_SWIFT_STANDARD_LIBRARIES = YES;
				CODE_SIGN_STYLE = Automatic;
				CURRENT_PROJECT_VERSION = 1;
				DEVELOPMENT_TEAM = 3B86NGN2ZD;
				GENERATE_INFOPLIST_FILE = YES;
				MARKETING_VERSION = 1.0;
				PRODUCT_BUNDLE_IDENTIFIER = com.example.mtrinh.BucketListUITests;
				PRODUCT_NAME = "$(TARGET_NAME)";
				SWIFT_EMIT_LOC_STRINGS = NO;
				SWIFT_VERSION = 5.0;
				TARGETED_DEVICE_FAMILY = "1,2";
				TEST_TARGET_NAME = BucketList;
			};
			name = Debug;
		};
		D5CEC2D12B4675DC0037DE2F /* Release */ = {
			isa = XCBuildConfiguration;
			buildSettings = {
				ALWAYS_EMBED_SWIFT_STANDARD_LIBRARIES = YES;
				CODE_SIGN_STYLE = Automatic;
				CURRENT_PROJECT_VERSION = 1;
				DEVELOPMENT_TEAM = 3B86NGN2ZD;
				GENERATE_INFOPLIST_FILE = YES;
				MARKETING_VERSION = 1.0;
				PRODUCT_BUNDLE_IDENTIFIER = com.example.mtrinh.BucketListUITests;
				PRODUCT_NAME = "$(TARGET_NAME)";
				SWIFT_EMIT_LOC_STRINGS = NO;
				SWIFT_VERSION = 5.0;
				TARGETED_DEVICE_FAMILY = "1,2";
				TEST_TARGET_NAME = BucketList;
			};
			name = Release;
		};
/* End XCBuildConfiguration section */

/* Begin XCConfigurationList section */
		D5CEC2A02B4675DB0037DE2F /* Build configuration list for PBXProject "BucketList" */ = {
			isa = XCConfigurationList;
			buildConfigurations = (
				D5CEC2C72B4675DC0037DE2F /* Debug */,
				D5CEC2C82B4675DC0037DE2F /* Release */,
			);
			defaultConfigurationIsVisible = 0;
			defaultConfigurationName = Release;
		};
		D5CEC2C92B4675DC0037DE2F /* Build configuration list for PBXNativeTarget "BucketList" */ = {
			isa = XCConfigurationList;
			buildConfigurations = (
				D5CEC2CA2B4675DC0037DE2F /* Debug */,
				D5CEC2CB2B4675DC0037DE2F /* Release */,
			);
			defaultConfigurationIsVisible = 0;
			defaultConfigurationName = Release;
		};
		D5CEC2CC2B4675DC0037DE2F /* Build configuration list for PBXNativeTarget "BucketListTests" */ = {
			isa = XCConfigurationList;
			buildConfigurations = (
				D5CEC2CD2B4675DC0037DE2F /* Debug */,
				D5CEC2CE2B4675DC0037DE2F /* Release */,
			);
			defaultConfigurationIsVisible = 0;
			defaultConfigurationName = Release;
		};
		D5CEC2CF2B4675DC0037DE2F /* Build configuration list for PBXNativeTarget "BucketListUITests" */ = {
			isa = XCConfigurationList;
			buildConfigurations = (
				D5CEC2D02B4675DC0037DE2F /* Debug */,
				D5CEC2D12B4675DC0037DE2F /* Release */,
			);
			defaultConfigurationIsVisible = 0;
			defaultConfigurationName = Release;
		};
/* End XCConfigurationList section */
	};
	rootObject = D5CEC29D2B4675DB0037DE2F /* Project object */;
}
